// !$*UTF8*$!
{
	archiveVersion = 1;
	classes = {
	};
	objectVersion = 46;
	objects = {

/* Begin PBXBuildFile section */
		4501425C1CA0BEB200DE77E6 /* Command.swift in Sources */ = {isa = PBXBuildFile; fileRef = 4501425B1CA0BEB200DE77E6 /* Command.swift */; };
		4501425D1CA0BEB200DE77E6 /* Command.swift in Sources */ = {isa = PBXBuildFile; fileRef = 4501425B1CA0BEB200DE77E6 /* Command.swift */; };
		4501425E1CA0BEB200DE77E6 /* Command.swift in Sources */ = {isa = PBXBuildFile; fileRef = 4501425B1CA0BEB200DE77E6 /* Command.swift */; };
		450142601CA0D0F100DE77E6 /* ButtonCell.xib in Resources */ = {isa = PBXBuildFile; fileRef = 4501425F1CA0D0F100DE77E6 /* ButtonCell.xib */; };
		4501F7DA1C8FDE4900386E55 /* AppDelegate.swift in Sources */ = {isa = PBXBuildFile; fileRef = 4501F7D91C8FDE4900386E55 /* AppDelegate.swift */; };
		4501F7DC1C8FDE4900386E55 /* Assets.xcassets in Resources */ = {isa = PBXBuildFile; fileRef = 4501F7DB1C8FDE4900386E55 /* Assets.xcassets */; };
		4501F7DF1C8FDE4900386E55 /* MainMenu.xib in Resources */ = {isa = PBXBuildFile; fileRef = 4501F7DD1C8FDE4900386E55 /* MainMenu.xib */; };
		4501F7E51C8FEB6D00386E55 /* MainWindow.swift in Sources */ = {isa = PBXBuildFile; fileRef = 4501F7E41C8FEB6D00386E55 /* MainWindow.swift */; };
		4501F7E61C8FEF5800386E55 /* APIManager.swift in Sources */ = {isa = PBXBuildFile; fileRef = 453C42901C5AE595001D2D7E /* APIManager.swift */; };
		4501F7EE1C8FFC3600386E55 /* NotificationCenter.framework in Frameworks */ = {isa = PBXBuildFile; fileRef = 4501F7ED1C8FFC3600386E55 /* NotificationCenter.framework */; };
		4501F7F31C8FFC3600386E55 /* TodayViewController.swift in Sources */ = {isa = PBXBuildFile; fileRef = 4501F7F21C8FFC3600386E55 /* TodayViewController.swift */; };
		4501F7F61C8FFC3600386E55 /* TodayViewController.xib in Resources */ = {isa = PBXBuildFile; fileRef = 4501F7F41C8FFC3600386E55 /* TodayViewController.xib */; };
		4501F7FA1C8FFC3600386E55 /* InfoPlist.strings in Resources */ = {isa = PBXBuildFile; fileRef = 4501F7F81C8FFC3600386E55 /* InfoPlist.strings */; };
		4501F7FD1C8FFC3600386E55 /* RGB Remote Widget.appex in Embed App Extensions */ = {isa = PBXBuildFile; fileRef = 4501F7EC1C8FFC3600386E55 /* RGB Remote Widget.appex */; settings = {ATTRIBUTES = (RemoveHeadersOnCopy, ); }; };
		4506E54E1CA36F24006F5694 /* LogViewController.swift in Sources */ = {isa = PBXBuildFile; fileRef = 4506E54D1CA36F24006F5694 /* LogViewController.swift */; };
		453C427D1C5AE40B001D2D7E /* AppDelegate.swift in Sources */ = {isa = PBXBuildFile; fileRef = 453C427C1C5AE40B001D2D7E /* AppDelegate.swift */; };
		453C427F1C5AE40B001D2D7E /* FirstViewController.swift in Sources */ = {isa = PBXBuildFile; fileRef = 453C427E1C5AE40B001D2D7E /* FirstViewController.swift */; };
		453C42811C5AE40B001D2D7E /* SecondViewController.swift in Sources */ = {isa = PBXBuildFile; fileRef = 453C42801C5AE40B001D2D7E /* SecondViewController.swift */; };
		453C42841C5AE40B001D2D7E /* Main.storyboard in Resources */ = {isa = PBXBuildFile; fileRef = 453C42821C5AE40B001D2D7E /* Main.storyboard */; };
		453C42861C5AE40B001D2D7E /* Assets.xcassets in Resources */ = {isa = PBXBuildFile; fileRef = 453C42851C5AE40B001D2D7E /* Assets.xcassets */; };
		453C42891C5AE40B001D2D7E /* LaunchScreen.storyboard in Resources */ = {isa = PBXBuildFile; fileRef = 453C42871C5AE40B001D2D7E /* LaunchScreen.storyboard */; };
		453C42911C5AE595001D2D7E /* APIManager.swift in Sources */ = {isa = PBXBuildFile; fileRef = 453C42901C5AE595001D2D7E /* APIManager.swift */; };
		458797C11C69B9D90075B511 /* Util.swift in Sources */ = {isa = PBXBuildFile; fileRef = 458797C01C69B9D90075B511 /* Util.swift */; };
		AAD4E30CB671EF707E167041 /* Pods_RGB_Remote.framework in Frameworks */ = {isa = PBXBuildFile; fileRef = 8EF8EF924F78DA292CCB27CB /* Pods_RGB_Remote.framework */; };
		ED100EBE68704AD084636EDF /* Pods_RGB_Remote_OSX.framework in Frameworks */ = {isa = PBXBuildFile; fileRef = 9045D85BE0368338D923EC5E /* Pods_RGB_Remote_OSX.framework */; };
/* End PBXBuildFile section */

/* Begin PBXContainerItemProxy section */
		4501F7FB1C8FFC3600386E55 /* PBXContainerItemProxy */ = {
			isa = PBXContainerItemProxy;
			containerPortal = 453C42711C5AE40B001D2D7E /* Project object */;
			proxyType = 1;
			remoteGlobalIDString = 4501F7EB1C8FFC3600386E55;
			remoteInfo = "RGB Remote Widget";
		};
/* End PBXContainerItemProxy section */

/* Begin PBXCopyFilesBuildPhase section */
		4501F8011C8FFC3600386E55 /* Embed App Extensions */ = {
			isa = PBXCopyFilesBuildPhase;
			buildActionMask = 2147483647;
			dstPath = "";
			dstSubfolderSpec = 13;
			files = (
				4501F7FD1C8FFC3600386E55 /* RGB Remote Widget.appex in Embed App Extensions */,
			);
			name = "Embed App Extensions";
			runOnlyForDeploymentPostprocessing = 0;
		};
/* End PBXCopyFilesBuildPhase section */

/* Begin PBXFileReference section */
		2CA269D1232A2B21C0592F46 /* Pods-RGB Remote.debug.xcconfig */ = {isa = PBXFileReference; includeInIndex = 1; lastKnownFileType = text.xcconfig; name = "Pods-RGB Remote.debug.xcconfig"; path = "Pods/Target Support Files/Pods-RGB Remote/Pods-RGB Remote.debug.xcconfig"; sourceTree = "<group>"; };
		4501425B1CA0BEB200DE77E6 /* Command.swift */ = {isa = PBXFileReference; fileEncoding = 4; lastKnownFileType = sourcecode.swift; path = Command.swift; sourceTree = "<group>"; };
		4501425F1CA0D0F100DE77E6 /* ButtonCell.xib */ = {isa = PBXFileReference; fileEncoding = 4; lastKnownFileType = file.xib; path = ButtonCell.xib; sourceTree = "<group>"; };
		4501F7D71C8FDE4900386E55 /* RGB Remote OSX.app */ = {isa = PBXFileReference; explicitFileType = wrapper.application; includeInIndex = 0; path = "RGB Remote OSX.app"; sourceTree = BUILT_PRODUCTS_DIR; };
		4501F7D91C8FDE4900386E55 /* AppDelegate.swift */ = {isa = PBXFileReference; lastKnownFileType = sourcecode.swift; path = AppDelegate.swift; sourceTree = "<group>"; };
		4501F7DB1C8FDE4900386E55 /* Assets.xcassets */ = {isa = PBXFileReference; lastKnownFileType = folder.assetcatalog; path = Assets.xcassets; sourceTree = "<group>"; };
		4501F7DE1C8FDE4900386E55 /* Base */ = {isa = PBXFileReference; lastKnownFileType = file.xib; name = Base; path = Base.lproj/MainMenu.xib; sourceTree = "<group>"; };
		4501F7E01C8FDE4900386E55 /* Info.plist */ = {isa = PBXFileReference; lastKnownFileType = text.plist.xml; path = Info.plist; sourceTree = "<group>"; };
		4501F7E41C8FEB6D00386E55 /* MainWindow.swift */ = {isa = PBXFileReference; fileEncoding = 4; lastKnownFileType = sourcecode.swift; path = MainWindow.swift; sourceTree = "<group>"; };
		4501F7EC1C8FFC3600386E55 /* RGB Remote Widget.appex */ = {isa = PBXFileReference; explicitFileType = "wrapper.app-extension"; includeInIndex = 0; path = "RGB Remote Widget.appex"; sourceTree = BUILT_PRODUCTS_DIR; };
		4501F7ED1C8FFC3600386E55 /* NotificationCenter.framework */ = {isa = PBXFileReference; lastKnownFileType = wrapper.framework; name = NotificationCenter.framework; path = System/Library/Frameworks/NotificationCenter.framework; sourceTree = SDKROOT; };
		4501F7F11C8FFC3600386E55 /* RGB_Remote_Widget.entitlements */ = {isa = PBXFileReference; lastKnownFileType = text.xml; path = RGB_Remote_Widget.entitlements; sourceTree = "<group>"; };
		4501F7F21C8FFC3600386E55 /* TodayViewController.swift */ = {isa = PBXFileReference; lastKnownFileType = sourcecode.swift; path = TodayViewController.swift; sourceTree = "<group>"; };
		4501F7F51C8FFC3600386E55 /* Base */ = {isa = PBXFileReference; lastKnownFileType = file.xib; name = Base; path = Base.lproj/TodayViewController.xib; sourceTree = "<group>"; };
		4501F7F71C8FFC3600386E55 /* Info.plist */ = {isa = PBXFileReference; lastKnownFileType = text.plist.xml; path = Info.plist; sourceTree = "<group>"; };
		4501F7F91C8FFC3600386E55 /* en */ = {isa = PBXFileReference; lastKnownFileType = text.plist.strings; name = en; path = en.lproj/InfoPlist.strings; sourceTree = "<group>"; };
		4506E54D1CA36F24006F5694 /* LogViewController.swift */ = {isa = PBXFileReference; fileEncoding = 4; lastKnownFileType = sourcecode.swift; path = LogViewController.swift; sourceTree = "<group>"; };
		453C42791C5AE40B001D2D7E /* RGB Remote.app */ = {isa = PBXFileReference; explicitFileType = wrapper.application; includeInIndex = 0; path = "RGB Remote.app"; sourceTree = BUILT_PRODUCTS_DIR; };
		453C427C1C5AE40B001D2D7E /* AppDelegate.swift */ = {isa = PBXFileReference; lastKnownFileType = sourcecode.swift; path = AppDelegate.swift; sourceTree = "<group>"; };
		453C427E1C5AE40B001D2D7E /* FirstViewController.swift */ = {isa = PBXFileReference; lastKnownFileType = sourcecode.swift; path = FirstViewController.swift; sourceTree = "<group>"; };
		453C42801C5AE40B001D2D7E /* SecondViewController.swift */ = {isa = PBXFileReference; lastKnownFileType = sourcecode.swift; path = SecondViewController.swift; sourceTree = "<group>"; };
		453C42831C5AE40B001D2D7E /* Base */ = {isa = PBXFileReference; lastKnownFileType = file.storyboard; name = Base; path = Base.lproj/Main.storyboard; sourceTree = "<group>"; };
		453C42851C5AE40B001D2D7E /* Assets.xcassets */ = {isa = PBXFileReference; lastKnownFileType = folder.assetcatalog; path = Assets.xcassets; sourceTree = "<group>"; };
		453C42881C5AE40B001D2D7E /* Base */ = {isa = PBXFileReference; lastKnownFileType = file.storyboard; name = Base; path = Base.lproj/LaunchScreen.storyboard; sourceTree = "<group>"; };
		453C428A1C5AE40B001D2D7E /* Info.plist */ = {isa = PBXFileReference; lastKnownFileType = text.plist.xml; path = Info.plist; sourceTree = "<group>"; };
		453C42901C5AE595001D2D7E /* APIManager.swift */ = {isa = PBXFileReference; fileEncoding = 4; lastKnownFileType = sourcecode.swift; path = APIManager.swift; sourceTree = "<group>"; };
		458797C01C69B9D90075B511 /* Util.swift */ = {isa = PBXFileReference; fileEncoding = 4; lastKnownFileType = sourcecode.swift; path = Util.swift; sourceTree = "<group>"; };
		76C80206D164753EDD78625F /* Pods-RGB Remote OSX.release.xcconfig */ = {isa = PBXFileReference; includeInIndex = 1; lastKnownFileType = text.xcconfig; name = "Pods-RGB Remote OSX.release.xcconfig"; path = "Pods/Target Support Files/Pods-RGB Remote OSX/Pods-RGB Remote OSX.release.xcconfig"; sourceTree = "<group>"; };
		79AF15A5519E3D6CC49415EA /* Pods-RGB Remote.release.xcconfig */ = {isa = PBXFileReference; includeInIndex = 1; lastKnownFileType = text.xcconfig; name = "Pods-RGB Remote.release.xcconfig"; path = "Pods/Target Support Files/Pods-RGB Remote/Pods-RGB Remote.release.xcconfig"; sourceTree = "<group>"; };
		82CB5DEB576A4058D3B224EE /* Pods-RGB Remote OSX.debug.xcconfig */ = {isa = PBXFileReference; includeInIndex = 1; lastKnownFileType = text.xcconfig; name = "Pods-RGB Remote OSX.debug.xcconfig"; path = "Pods/Target Support Files/Pods-RGB Remote OSX/Pods-RGB Remote OSX.debug.xcconfig"; sourceTree = "<group>"; };
		8EF8EF924F78DA292CCB27CB /* Pods_RGB_Remote.framework */ = {isa = PBXFileReference; explicitFileType = wrapper.framework; includeInIndex = 0; path = Pods_RGB_Remote.framework; sourceTree = BUILT_PRODUCTS_DIR; };
		9045D85BE0368338D923EC5E /* Pods_RGB_Remote_OSX.framework */ = {isa = PBXFileReference; explicitFileType = wrapper.framework; includeInIndex = 0; path = Pods_RGB_Remote_OSX.framework; sourceTree = BUILT_PRODUCTS_DIR; };
/* End PBXFileReference section */

/* Begin PBXFrameworksBuildPhase section */
		4501F7D41C8FDE4900386E55 /* Frameworks */ = {
			isa = PBXFrameworksBuildPhase;
			buildActionMask = 2147483647;
			files = (
				ED100EBE68704AD084636EDF /* Pods_RGB_Remote_OSX.framework in Frameworks */,
			);
			runOnlyForDeploymentPostprocessing = 0;
		};
		4501F7E91C8FFC3600386E55 /* Frameworks */ = {
			isa = PBXFrameworksBuildPhase;
			buildActionMask = 2147483647;
			files = (
				4501F7EE1C8FFC3600386E55 /* NotificationCenter.framework in Frameworks */,
			);
			runOnlyForDeploymentPostprocessing = 0;
		};
		453C42761C5AE40B001D2D7E /* Frameworks */ = {
			isa = PBXFrameworksBuildPhase;
			buildActionMask = 2147483647;
			files = (
				AAD4E30CB671EF707E167041 /* Pods_RGB_Remote.framework in Frameworks */,
			);
			runOnlyForDeploymentPostprocessing = 0;
		};
/* End PBXFrameworksBuildPhase section */

/* Begin PBXGroup section */
		4501F7D81C8FDE4900386E55 /* RGB Remote OSX */ = {
			isa = PBXGroup;
			children = (
				4501F7D91C8FDE4900386E55 /* AppDelegate.swift */,
				4501F7E41C8FEB6D00386E55 /* MainWindow.swift */,
				4501F7DD1C8FDE4900386E55 /* MainMenu.xib */,
				4501F7DB1C8FDE4900386E55 /* Assets.xcassets */,
				4501F7E01C8FDE4900386E55 /* Info.plist */,
			);
			path = "RGB Remote OSX";
			sourceTree = "<group>";
		};
		4501F7E71C8FEF6100386E55 /* Common */ = {
			isa = PBXGroup;
			children = (
				453C42901C5AE595001D2D7E /* APIManager.swift */,
				4501425B1CA0BEB200DE77E6 /* Command.swift */,
			);
			name = Common;
			path = "RGB Remote";
			sourceTree = "<group>";
		};
		4501F7EF1C8FFC3600386E55 /* RGB Remote Widget */ = {
			isa = PBXGroup;
			children = (
				4501F7F21C8FFC3600386E55 /* TodayViewController.swift */,
				4501F7F41C8FFC3600386E55 /* TodayViewController.xib */,
				4501F7F71C8FFC3600386E55 /* Info.plist */,
				4501F7F81C8FFC3600386E55 /* InfoPlist.strings */,
				4501F7F01C8FFC3600386E55 /* Supporting Files */,
			);
			path = "RGB Remote Widget";
			sourceTree = "<group>";
		};
		4501F7F01C8FFC3600386E55 /* Supporting Files */ = {
			isa = PBXGroup;
			children = (
				4501F7F11C8FFC3600386E55 /* RGB_Remote_Widget.entitlements */,
			);
			name = "Supporting Files";
			sourceTree = "<group>";
		};
		453C42701C5AE40B001D2D7E = {
			isa = PBXGroup;
			children = (
				4501F7E71C8FEF6100386E55 /* Common */,
				453C427B1C5AE40B001D2D7E /* RGB Remote iOS */,
				4501F7D81C8FDE4900386E55 /* RGB Remote OSX */,
				4501F7EF1C8FFC3600386E55 /* RGB Remote Widget */,
				453C427A1C5AE40B001D2D7E /* Products */,
				DAB96545EEF72F67E46D16CA /* Pods */,
				77534B22B64C8C48D4AFB8F9 /* Frameworks */,
			);
			sourceTree = "<group>";
		};
		453C427A1C5AE40B001D2D7E /* Products */ = {
			isa = PBXGroup;
			children = (
				453C42791C5AE40B001D2D7E /* RGB Remote.app */,
				4501F7D71C8FDE4900386E55 /* RGB Remote OSX.app */,
				4501F7EC1C8FFC3600386E55 /* RGB Remote Widget.appex */,
			);
			name = Products;
			sourceTree = "<group>";
		};
		453C427B1C5AE40B001D2D7E /* RGB Remote iOS */ = {
			isa = PBXGroup;
			children = (
				458797C01C69B9D90075B511 /* Util.swift */,
				453C427C1C5AE40B001D2D7E /* AppDelegate.swift */,
				453C42821C5AE40B001D2D7E /* Main.storyboard */,
				4501425F1CA0D0F100DE77E6 /* ButtonCell.xib */,
				453C427E1C5AE40B001D2D7E /* FirstViewController.swift */,
				453C42801C5AE40B001D2D7E /* SecondViewController.swift */,
				4506E54D1CA36F24006F5694 /* LogViewController.swift */,
				453C42851C5AE40B001D2D7E /* Assets.xcassets */,
				453C42871C5AE40B001D2D7E /* LaunchScreen.storyboard */,
				453C428A1C5AE40B001D2D7E /* Info.plist */,
			);
			name = "RGB Remote iOS";
			path = "RGB Remote";
			sourceTree = "<group>";
		};
		77534B22B64C8C48D4AFB8F9 /* Frameworks */ = {
			isa = PBXGroup;
			children = (
				8EF8EF924F78DA292CCB27CB /* Pods_RGB_Remote.framework */,
				9045D85BE0368338D923EC5E /* Pods_RGB_Remote_OSX.framework */,
				4501F7ED1C8FFC3600386E55 /* NotificationCenter.framework */,
			);
			name = Frameworks;
			sourceTree = "<group>";
		};
		DAB96545EEF72F67E46D16CA /* Pods */ = {
			isa = PBXGroup;
			children = (
				2CA269D1232A2B21C0592F46 /* Pods-RGB Remote.debug.xcconfig */,
				79AF15A5519E3D6CC49415EA /* Pods-RGB Remote.release.xcconfig */,
				82CB5DEB576A4058D3B224EE /* Pods-RGB Remote OSX.debug.xcconfig */,
				76C80206D164753EDD78625F /* Pods-RGB Remote OSX.release.xcconfig */,
			);
			name = Pods;
			sourceTree = "<group>";
		};
/* End PBXGroup section */

/* Begin PBXNativeTarget section */
		4501F7D61C8FDE4900386E55 /* RGB Remote OSX */ = {
			isa = PBXNativeTarget;
			buildConfigurationList = 4501F7E31C8FDE4900386E55 /* Build configuration list for PBXNativeTarget "RGB Remote OSX" */;
			buildPhases = (
				6343C83E8131E8AEFC6E4BBD /* Check Pods Manifest.lock */,
				4501F7D31C8FDE4900386E55 /* Sources */,
				4501F7D41C8FDE4900386E55 /* Frameworks */,
				4501F7D51C8FDE4900386E55 /* Resources */,
				B990C0B0F07C77E274F555F9 /* Embed Pods Frameworks */,
				8D2439876035B8CD13F762B8 /* Copy Pods Resources */,
				4501F8011C8FFC3600386E55 /* Embed App Extensions */,
			);
			buildRules = (
			);
			dependencies = (
				4501F7FC1C8FFC3600386E55 /* PBXTargetDependency */,
			);
			name = "RGB Remote OSX";
			productName = "RGB Remote OSX";
			productReference = 4501F7D71C8FDE4900386E55 /* RGB Remote OSX.app */;
			productType = "com.apple.product-type.application";
		};
		4501F7EB1C8FFC3600386E55 /* RGB Remote Widget */ = {
			isa = PBXNativeTarget;
			buildConfigurationList = 4501F8001C8FFC3600386E55 /* Build configuration list for PBXNativeTarget "RGB Remote Widget" */;
			buildPhases = (
				4501F7E81C8FFC3600386E55 /* Sources */,
				4501F7E91C8FFC3600386E55 /* Frameworks */,
				4501F7EA1C8FFC3600386E55 /* Resources */,
			);
			buildRules = (
			);
			dependencies = (
			);
			name = "RGB Remote Widget";
			productName = "RGB Remote Widget";
			productReference = 4501F7EC1C8FFC3600386E55 /* RGB Remote Widget.appex */;
			productType = "com.apple.product-type.app-extension";
		};
		453C42781C5AE40B001D2D7E /* RGB Remote */ = {
			isa = PBXNativeTarget;
			buildConfigurationList = 453C428D1C5AE40B001D2D7E /* Build configuration list for PBXNativeTarget "RGB Remote" */;
			buildPhases = (
				D958C7E568DF08B7222B19BC /* Check Pods Manifest.lock */,
				453C42751C5AE40B001D2D7E /* Sources */,
				453C42761C5AE40B001D2D7E /* Frameworks */,
				453C42771C5AE40B001D2D7E /* Resources */,
				FC7D9B3E7EB0DF95A570707F /* Embed Pods Frameworks */,
				96B2FD2E52DDD66923CA2EFF /* Copy Pods Resources */,
			);
			buildRules = (
			);
			dependencies = (
			);
			name = "RGB Remote";
			productName = "RGB Remote";
			productReference = 453C42791C5AE40B001D2D7E /* RGB Remote.app */;
			productType = "com.apple.product-type.application";
		};
/* End PBXNativeTarget section */

/* Begin PBXProject section */
		453C42711C5AE40B001D2D7E /* Project object */ = {
			isa = PBXProject;
			attributes = {
				LastSwiftUpdateCheck = 0720;
				LastUpgradeCheck = 0720;
				ORGANIZATIONNAME = "Knot Labs";
				TargetAttributes = {
					4501F7D61C8FDE4900386E55 = {
						CreatedOnToolsVersion = 7.2.1;
					};
					4501F7EB1C8FFC3600386E55 = {
						CreatedOnToolsVersion = 7.2.1;
					};
					453C42781C5AE40B001D2D7E = {
						CreatedOnToolsVersion = 7.2;
						DevelopmentTeam = YWKER65N63;
					};
				};
			};
			buildConfigurationList = 453C42741C5AE40B001D2D7E /* Build configuration list for PBXProject "RGB Remote" */;
			compatibilityVersion = "Xcode 3.2";
			developmentRegion = English;
			hasScannedForEncodings = 0;
			knownRegions = (
				en,
				Base,
			);
			mainGroup = 453C42701C5AE40B001D2D7E;
			productRefGroup = 453C427A1C5AE40B001D2D7E /* Products */;
			projectDirPath = "";
			projectRoot = "";
			targets = (
				453C42781C5AE40B001D2D7E /* RGB Remote */,
				4501F7D61C8FDE4900386E55 /* RGB Remote OSX */,
				4501F7EB1C8FFC3600386E55 /* RGB Remote Widget */,
			);
		};
/* End PBXProject section */

/* Begin PBXResourcesBuildPhase section */
		4501F7D51C8FDE4900386E55 /* Resources */ = {
			isa = PBXResourcesBuildPhase;
			buildActionMask = 2147483647;
			files = (
				4501F7DC1C8FDE4900386E55 /* Assets.xcassets in Resources */,
				4501F7DF1C8FDE4900386E55 /* MainMenu.xib in Resources */,
			);
			runOnlyForDeploymentPostprocessing = 0;
		};
		4501F7EA1C8FFC3600386E55 /* Resources */ = {
			isa = PBXResourcesBuildPhase;
			buildActionMask = 2147483647;
			files = (
				4501F7F61C8FFC3600386E55 /* TodayViewController.xib in Resources */,
				4501F7FA1C8FFC3600386E55 /* InfoPlist.strings in Resources */,
			);
			runOnlyForDeploymentPostprocessing = 0;
		};
		453C42771C5AE40B001D2D7E /* Resources */ = {
			isa = PBXResourcesBuildPhase;
			buildActionMask = 2147483647;
			files = (
				453C42891C5AE40B001D2D7E /* LaunchScreen.storyboard in Resources */,
				453C42861C5AE40B001D2D7E /* Assets.xcassets in Resources */,
				453C42841C5AE40B001D2D7E /* Main.storyboard in Resources */,
				450142601CA0D0F100DE77E6 /* ButtonCell.xib in Resources */,
			);
			runOnlyForDeploymentPostprocessing = 0;
		};
/* End PBXResourcesBuildPhase section */

/* Begin PBXShellScriptBuildPhase section */
		6343C83E8131E8AEFC6E4BBD /* Check Pods Manifest.lock */ = {
			isa = PBXShellScriptBuildPhase;
			buildActionMask = 2147483647;
			files = (
			);
			inputPaths = (
			);
			name = "Check Pods Manifest.lock";
			outputPaths = (
			);
			runOnlyForDeploymentPostprocessing = 0;
			shellPath = /bin/sh;
			shellScript = "diff \"${PODS_ROOT}/../Podfile.lock\" \"${PODS_ROOT}/Manifest.lock\" > /dev/null\nif [[ $? != 0 ]] ; then\n    cat << EOM\nerror: The sandbox is not in sync with the Podfile.lock. Run 'pod install' or update your CocoaPods installation.\nEOM\n    exit 1\nfi\n";
			showEnvVarsInLog = 0;
		};
		8D2439876035B8CD13F762B8 /* Copy Pods Resources */ = {
			isa = PBXShellScriptBuildPhase;
			buildActionMask = 2147483647;
			files = (
			);
			inputPaths = (
			);
			name = "Copy Pods Resources";
			outputPaths = (
			);
			runOnlyForDeploymentPostprocessing = 0;
			shellPath = /bin/sh;
			shellScript = "\"${SRCROOT}/Pods/Target Support Files/Pods-RGB Remote OSX/Pods-RGB Remote OSX-resources.sh\"\n";
			showEnvVarsInLog = 0;
		};
		96B2FD2E52DDD66923CA2EFF /* Copy Pods Resources */ = {
			isa = PBXShellScriptBuildPhase;
			buildActionMask = 2147483647;
			files = (
			);
			inputPaths = (
			);
			name = "Copy Pods Resources";
			outputPaths = (
			);
			runOnlyForDeploymentPostprocessing = 0;
			shellPath = /bin/sh;
			shellScript = "\"${SRCROOT}/Pods/Target Support Files/Pods-RGB Remote/Pods-RGB Remote-resources.sh\"\n";
			showEnvVarsInLog = 0;
		};
		B990C0B0F07C77E274F555F9 /* Embed Pods Frameworks */ = {
			isa = PBXShellScriptBuildPhase;
			buildActionMask = 2147483647;
			files = (
			);
			inputPaths = (
			);
			name = "Embed Pods Frameworks";
			outputPaths = (
			);
			runOnlyForDeploymentPostprocessing = 0;
			shellPath = /bin/sh;
			shellScript = "\"${SRCROOT}/Pods/Target Support Files/Pods-RGB Remote OSX/Pods-RGB Remote OSX-frameworks.sh\"\n";
			showEnvVarsInLog = 0;
		};
		D958C7E568DF08B7222B19BC /* Check Pods Manifest.lock */ = {
			isa = PBXShellScriptBuildPhase;
			buildActionMask = 2147483647;
			files = (
			);
			inputPaths = (
			);
			name = "Check Pods Manifest.lock";
			outputPaths = (
			);
			runOnlyForDeploymentPostprocessing = 0;
			shellPath = /bin/sh;
			shellScript = "diff \"${PODS_ROOT}/../Podfile.lock\" \"${PODS_ROOT}/Manifest.lock\" > /dev/null\nif [[ $? != 0 ]] ; then\n    cat << EOM\nerror: The sandbox is not in sync with the Podfile.lock. Run 'pod install' or update your CocoaPods installation.\nEOM\n    exit 1\nfi\n";
			showEnvVarsInLog = 0;
		};
		FC7D9B3E7EB0DF95A570707F /* Embed Pods Frameworks */ = {
			isa = PBXShellScriptBuildPhase;
			buildActionMask = 2147483647;
			files = (
			);
			inputPaths = (
			);
			name = "Embed Pods Frameworks";
			outputPaths = (
			);
			runOnlyForDeploymentPostprocessing = 0;
			shellPath = /bin/sh;
			shellScript = "\"${SRCROOT}/Pods/Target Support Files/Pods-RGB Remote/Pods-RGB Remote-frameworks.sh\"\n";
			showEnvVarsInLog = 0;
		};
/* End PBXShellScriptBuildPhase section */

/* Begin PBXSourcesBuildPhase section */
		4501F7D31C8FDE4900386E55 /* Sources */ = {
			isa = PBXSourcesBuildPhase;
			buildActionMask = 2147483647;
			files = (
				4501F7E61C8FEF5800386E55 /* APIManager.swift in Sources */,
				4501F7E51C8FEB6D00386E55 /* MainWindow.swift in Sources */,
				4501F7DA1C8FDE4900386E55 /* AppDelegate.swift in Sources */,
				4501425D1CA0BEB200DE77E6 /* Command.swift in Sources */,
			);
			runOnlyForDeploymentPostprocessing = 0;
		};
		4501F7E81C8FFC3600386E55 /* Sources */ = {
			isa = PBXSourcesBuildPhase;
			buildActionMask = 2147483647;
			files = (
				4501F7F31C8FFC3600386E55 /* TodayViewController.swift in Sources */,
				4501425E1CA0BEB200DE77E6 /* Command.swift in Sources */,
			);
			runOnlyForDeploymentPostprocessing = 0;
		};
		453C42751C5AE40B001D2D7E /* Sources */ = {
			isa = PBXSourcesBuildPhase;
			buildActionMask = 2147483647;
			files = (
				453C42911C5AE595001D2D7E /* APIManager.swift in Sources */,
				453C42811C5AE40B001D2D7E /* SecondViewController.swift in Sources */,
				458797C11C69B9D90075B511 /* Util.swift in Sources */,
				453C427D1C5AE40B001D2D7E /* AppDelegate.swift in Sources */,
				453C427F1C5AE40B001D2D7E /* FirstViewController.swift in Sources */,
				4506E54E1CA36F24006F5694 /* LogViewController.swift in Sources */,
				4501425C1CA0BEB200DE77E6 /* Command.swift in Sources */,
			);
			runOnlyForDeploymentPostprocessing = 0;
		};
/* End PBXSourcesBuildPhase section */

/* Begin PBXTargetDependency section */
		4501F7FC1C8FFC3600386E55 /* PBXTargetDependency */ = {
			isa = PBXTargetDependency;
			target = 4501F7EB1C8FFC3600386E55 /* RGB Remote Widget */;
			targetProxy = 4501F7FB1C8FFC3600386E55 /* PBXContainerItemProxy */;
		};
/* End PBXTargetDependency section */

/* Begin PBXVariantGroup section */
		4501F7DD1C8FDE4900386E55 /* MainMenu.xib */ = {
			isa = PBXVariantGroup;
			children = (
				4501F7DE1C8FDE4900386E55 /* Base */,
			);
			name = MainMenu.xib;
			sourceTree = "<group>";
		};
		4501F7F41C8FFC3600386E55 /* TodayViewController.xib */ = {
			isa = PBXVariantGroup;
			children = (
				4501F7F51C8FFC3600386E55 /* Base */,
			);
			name = TodayViewController.xib;
			sourceTree = "<group>";
		};
		4501F7F81C8FFC3600386E55 /* InfoPlist.strings */ = {
			isa = PBXVariantGroup;
			children = (
				4501F7F91C8FFC3600386E55 /* en */,
			);
			name = InfoPlist.strings;
			sourceTree = "<group>";
		};
		453C42821C5AE40B001D2D7E /* Main.storyboard */ = {
			isa = PBXVariantGroup;
			children = (
				453C42831C5AE40B001D2D7E /* Base */,
			);
			name = Main.storyboard;
			sourceTree = "<group>";
		};
		453C42871C5AE40B001D2D7E /* LaunchScreen.storyboard */ = {
			isa = PBXVariantGroup;
			children = (
				453C42881C5AE40B001D2D7E /* Base */,
			);
			name = LaunchScreen.storyboard;
			sourceTree = "<group>";
		};
/* End PBXVariantGroup section */

/* Begin XCBuildConfiguration section */
		4501F7E11C8FDE4900386E55 /* Debug */ = {
			isa = XCBuildConfiguration;
			baseConfigurationReference = 82CB5DEB576A4058D3B224EE /* Pods-RGB Remote OSX.debug.xcconfig */;
			buildSettings = {
				ASSETCATALOG_COMPILER_APPICON_NAME = AppIcon;
				CODE_SIGN_IDENTITY = "-";
				COMBINE_HIDPI_IMAGES = YES;
				EMBEDDED_CONTENT_CONTAINS_SWIFT = YES;
				INFOPLIST_FILE = "RGB Remote OSX/Info.plist";
				LD_RUNPATH_SEARCH_PATHS = "$(inherited) @executable_path/../Frameworks";
				MACOSX_DEPLOYMENT_TARGET = 10.10;
				PRODUCT_BUNDLE_IDENTIFIER = "com.knotlabs.RGB-Remote-OSX";
				PRODUCT_NAME = "$(TARGET_NAME)";
				SDKROOT = macosx;
			};
			name = Debug;
		};
		4501F7E21C8FDE4900386E55 /* Release */ = {
			isa = XCBuildConfiguration;
			baseConfigurationReference = 76C80206D164753EDD78625F /* Pods-RGB Remote OSX.release.xcconfig */;
			buildSettings = {
				ASSETCATALOG_COMPILER_APPICON_NAME = AppIcon;
				CODE_SIGN_IDENTITY = "-";
				COMBINE_HIDPI_IMAGES = YES;
				EMBEDDED_CONTENT_CONTAINS_SWIFT = YES;
				INFOPLIST_FILE = "RGB Remote OSX/Info.plist";
				LD_RUNPATH_SEARCH_PATHS = "$(inherited) @executable_path/../Frameworks";
				MACOSX_DEPLOYMENT_TARGET = 10.10;
				PRODUCT_BUNDLE_IDENTIFIER = "com.knotlabs.RGB-Remote-OSX";
				PRODUCT_NAME = "$(TARGET_NAME)";
				SDKROOT = macosx;
			};
			name = Release;
		};
		4501F7FE1C8FFC3600386E55 /* Debug */ = {
			isa = XCBuildConfiguration;
			buildSettings = {
				CODE_SIGN_ENTITLEMENTS = "RGB Remote Widget/RGB_Remote_Widget.entitlements";
				CODE_SIGN_IDENTITY = "-";
				COMBINE_HIDPI_IMAGES = YES;
				INFOPLIST_FILE = "RGB Remote Widget/Info.plist";
				LD_RUNPATH_SEARCH_PATHS = "$(inherited) @executable_path/../Frameworks @executable_path/../../../../Frameworks";
				MACOSX_DEPLOYMENT_TARGET = 10.11;
				PRODUCT_BUNDLE_IDENTIFIER = "com.knotlabs.RGB-Remote-OSX.RGB-Remote-Widget";
				PRODUCT_NAME = "$(TARGET_NAME)";
				SDKROOT = macosx;
				SKIP_INSTALL = YES;
			};
			name = Debug;
		};
		4501F7FF1C8FFC3600386E55 /* Release */ = {
			isa = XCBuildConfiguration;
			buildSettings = {
				CODE_SIGN_ENTITLEMENTS = "RGB Remote Widget/RGB_Remote_Widget.entitlements";
				CODE_SIGN_IDENTITY = "-";
				COMBINE_HIDPI_IMAGES = YES;
				INFOPLIST_FILE = "RGB Remote Widget/Info.plist";
				LD_RUNPATH_SEARCH_PATHS = "$(inherited) @executable_path/../Frameworks @executable_path/../../../../Frameworks";
				MACOSX_DEPLOYMENT_TARGET = 10.11;
				PRODUCT_BUNDLE_IDENTIFIER = "com.knotlabs.RGB-Remote-OSX.RGB-Remote-Widget";
				PRODUCT_NAME = "$(TARGET_NAME)";
				SDKROOT = macosx;
				SKIP_INSTALL = YES;
			};
			name = Release;
		};
		453C428B1C5AE40B001D2D7E /* Debug */ = {
			isa = XCBuildConfiguration;
			buildSettings = {
				ALWAYS_SEARCH_USER_PATHS = NO;
				CLANG_CXX_LANGUAGE_STANDARD = "gnu++0x";
				CLANG_CXX_LIBRARY = "libc++";
				CLANG_ENABLE_MODULES = YES;
				CLANG_ENABLE_OBJC_ARC = YES;
				CLANG_WARN_BOOL_CONVERSION = YES;
				CLANG_WARN_CONSTANT_CONVERSION = YES;
				CLANG_WARN_DIRECT_OBJC_ISA_USAGE = YES_ERROR;
				CLANG_WARN_EMPTY_BODY = YES;
				CLANG_WARN_ENUM_CONVERSION = YES;
				CLANG_WARN_INT_CONVERSION = YES;
				CLANG_WARN_OBJC_ROOT_CLASS = YES_ERROR;
				CLANG_WARN_UNREACHABLE_CODE = YES;
				CLANG_WARN__DUPLICATE_METHOD_MATCH = YES;
				"CODE_SIGN_IDENTITY[sdk=iphoneos*]" = "iPhone Developer";
				COPY_PHASE_STRIP = NO;
				DEBUG_INFORMATION_FORMAT = dwarf;
				ENABLE_STRICT_OBJC_MSGSEND = YES;
				ENABLE_TESTABILITY = YES;
				GCC_C_LANGUAGE_STANDARD = gnu99;
				GCC_DYNAMIC_NO_PIC = NO;
				GCC_NO_COMMON_BLOCKS = YES;
				GCC_OPTIMIZATION_LEVEL = 0;
				GCC_PREPROCESSOR_DEFINITIONS = (
					"DEBUG=1",
					"$(inherited)",
				);
				GCC_WARN_64_TO_32_BIT_CONVERSION = YES;
				GCC_WARN_ABOUT_RETURN_TYPE = YES_ERROR;
				GCC_WARN_UNDECLARED_SELECTOR = YES;
				GCC_WARN_UNINITIALIZED_AUTOS = YES_AGGRESSIVE;
				GCC_WARN_UNUSED_FUNCTION = YES;
				GCC_WARN_UNUSED_VARIABLE = YES;
				IPHONEOS_DEPLOYMENT_TARGET = 9.2;
				MTL_ENABLE_DEBUG_INFO = YES;
				ONLY_ACTIVE_ARCH = YES;
				SDKROOT = iphoneos;
				SWIFT_OPTIMIZATION_LEVEL = "-Onone";
				TARGETED_DEVICE_FAMILY = "1,2";
			};
			name = Debug;
		};
		453C428C1C5AE40B001D2D7E /* Release */ = {
			isa = XCBuildConfiguration;
			buildSettings = {
				ALWAYS_SEARCH_USER_PATHS = NO;
				CLANG_CXX_LANGUAGE_STANDARD = "gnu++0x";
				CLANG_CXX_LIBRARY = "libc++";
				CLANG_ENABLE_MODULES = YES;
				CLANG_ENABLE_OBJC_ARC = YES;
				CLANG_WARN_BOOL_CONVERSION = YES;
				CLANG_WARN_CONSTANT_CONVERSION = YES;
				CLANG_WARN_DIRECT_OBJC_ISA_USAGE = YES_ERROR;
				CLANG_WARN_EMPTY_BODY = YES;
				CLANG_WARN_ENUM_CONVERSION = YES;
				CLANG_WARN_INT_CONVERSION = YES;
				CLANG_WARN_OBJC_ROOT_CLASS = YES_ERROR;
				CLANG_WARN_UNREACHABLE_CODE = YES;
				CLANG_WARN__DUPLICATE_METHOD_MATCH = YES;
				"CODE_SIGN_IDENTITY[sdk=iphoneos*]" = "iPhone Developer";
				COPY_PHASE_STRIP = NO;
				DEBUG_INFORMATION_FORMAT = "dwarf-with-dsym";
				ENABLE_NS_ASSERTIONS = NO;
				ENABLE_STRICT_OBJC_MSGSEND = YES;
				GCC_C_LANGUAGE_STANDARD = gnu99;
				GCC_NO_COMMON_BLOCKS = YES;
				GCC_WARN_64_TO_32_BIT_CONVERSION = YES;
				GCC_WARN_ABOUT_RETURN_TYPE = YES_ERROR;
				GCC_WARN_UNDECLARED_SELECTOR = YES;
				GCC_WARN_UNINITIALIZED_AUTOS = YES_AGGRESSIVE;
				GCC_WARN_UNUSED_FUNCTION = YES;
				GCC_WARN_UNUSED_VARIABLE = YES;
				IPHONEOS_DEPLOYMENT_TARGET = 9.2;
				MTL_ENABLE_DEBUG_INFO = NO;
				SDKROOT = iphoneos;
				TARGETED_DEVICE_FAMILY = "1,2";
				VALIDATE_PRODUCT = YES;
			};
			name = Release;
		};
		453C428E1C5AE40B001D2D7E /* Debug */ = {
			isa = XCBuildConfiguration;
			baseConfigurationReference = 2CA269D1232A2B21C0592F46 /* Pods-RGB Remote.debug.xcconfig */;
			buildSettings = {
				ASSETCATALOG_COMPILER_APPICON_NAME = AppIcon;
				CODE_SIGN_IDENTITY = "iPhone Developer";
				INFOPLIST_FILE = "RGB Remote/Info.plist";
				LD_RUNPATH_SEARCH_PATHS = "$(inherited) @executable_path/Frameworks";
				PRODUCT_BUNDLE_IDENTIFIER = "com.knotlabs.RGB-Remote";
				PRODUCT_NAME = "$(TARGET_NAME)";
			};
			name = Debug;
		};
		453C428F1C5AE40B001D2D7E /* Release */ = {
			isa = XCBuildConfiguration;
			baseConfigurationReference = 79AF15A5519E3D6CC49415EA /* Pods-RGB Remote.release.xcconfig */;
			buildSettings = {
				ASSETCATALOG_COMPILER_APPICON_NAME = AppIcon;
				CODE_SIGN_IDENTITY = "iPhone Developer";
				INFOPLIST_FILE = "RGB Remote/Info.plist";
				LD_RUNPATH_SEARCH_PATHS = "$(inherited) @executable_path/Frameworks";
				PRODUCT_BUNDLE_IDENTIFIER = "com.knotlabs.RGB-Remote";
				PRODUCT_NAME = "$(TARGET_NAME)";
			};
			name = Release;
		};
/* End XCBuildConfiguration section */

/* Begin XCConfigurationList section */
		4501F7E31C8FDE4900386E55 /* Build configuration list for PBXNativeTarget "RGB Remote OSX" */ = {
			isa = XCConfigurationList;
			buildConfigurations = (
				4501F7E11C8FDE4900386E55 /* Debug */,
				4501F7E21C8FDE4900386E55 /* Release */,
			);
			defaultConfigurationIsVisible = 0;
			defaultConfigurationName = Release;
		};
		4501F8001C8FFC3600386E55 /* Build configuration list for PBXNativeTarget "RGB Remote Widget" */ = {
			isa = XCConfigurationList;
			buildConfigurations = (
				4501F7FE1C8FFC3600386E55 /* Debug */,
				4501F7FF1C8FFC3600386E55 /* Release */,
			);
			defaultConfigurationIsVisible = 0;
			defaultConfigurationName = Release;
		};
		453C42741C5AE40B001D2D7E /* Build configuration list for PBXProject "RGB Remote" */ = {
			isa = XCConfigurationList;
			buildConfigurations = (
				453C428B1C5AE40B001D2D7E /* Debug */,
				453C428C1C5AE40B001D2D7E /* Release */,
			);
			defaultConfigurationIsVisible = 0;
			defaultConfigurationName = Release;
		};
		453C428D1C5AE40B001D2D7E /* Build configuration list for PBXNativeTarget "RGB Remote" */ = {
			isa = XCConfigurationList;
			buildConfigurations = (
				453C428E1C5AE40B001D2D7E /* Debug */,
				453C428F1C5AE40B001D2D7E /* Release */,
			);
			defaultConfigurationIsVisible = 0;
			defaultConfigurationName = Release;
		};
/* End XCConfigurationList section */
	};
	rootObject = 453C42711C5AE40B001D2D7E /* Project object */;
}
