// !$*UTF8*$!
{
	archiveVersion = 1;
	classes = {
	};
	objectVersion = 46;
	objects = {

/* Begin PBXBuildFile section */
		26DB472C0E6E59C4E26FE2DA /* Pods_RGB_Remote_Widget_iOS.framework in Frameworks */ = {isa = PBXBuildFile; fileRef = DA35F71DE7FDBBC4847CEEDA /* Pods_RGB_Remote_Widget_iOS.framework */; };
		4501425C1CA0BEB200DE77E6 /* Command.swift in Sources */ = {isa = PBXBuildFile; fileRef = 4501425B1CA0BEB200DE77E6 /* Command.swift */; };
		450142601CA0D0F100DE77E6 /* ButtonCell.xib in Resources */ = {isa = PBXBuildFile; fileRef = 4501425F1CA0D0F100DE77E6 /* ButtonCell.xib */; };
		4506E54E1CA36F24006F5694 /* LogViewController.swift in Sources */ = {isa = PBXBuildFile; fileRef = 4506E54D1CA36F24006F5694 /* LogViewController.swift */; };
		4506E5501CA3867F006F5694 /* TextViewController.swift in Sources */ = {isa = PBXBuildFile; fileRef = 4506E54F1CA3867F006F5694 /* TextViewController.swift */; };
		4506E5521CA3869F006F5694 /* Logger.swift in Sources */ = {isa = PBXBuildFile; fileRef = 4506E5511CA3869F006F5694 /* Logger.swift */; };
		4521EB3F1DA6029700042458 /* NotificationCenter.framework in Frameworks */ = {isa = PBXBuildFile; fileRef = 4501F7ED1C8FFC3600386E55 /* NotificationCenter.framework */; };
		4521EB421DA6029700042458 /* TodayViewController.swift in Sources */ = {isa = PBXBuildFile; fileRef = 4521EB411DA6029700042458 /* TodayViewController.swift */; };
		4521EB451DA6029700042458 /* MainInterface.storyboard in Resources */ = {isa = PBXBuildFile; fileRef = 4521EB431DA6029700042458 /* MainInterface.storyboard */; };
		4521EB491DA6029700042458 /* RGB Remote Widget iOS.appex in Embed App Extensions */ = {isa = PBXBuildFile; fileRef = 4521EB3E1DA6029700042458 /* RGB Remote Widget iOS.appex */; settings = {ATTRIBUTES = (RemoveHeadersOnCopy, ); }; };
		4521EB4F1DA6060700042458 /* ButtonGridViewController.swift in Sources */ = {isa = PBXBuildFile; fileRef = 4521EB4E1DA6060700042458 /* ButtonGridViewController.swift */; };
		45372E941CAE56F30063C288 /* RemoteControl.swift in Sources */ = {isa = PBXBuildFile; fileRef = 45372E931CAE56F30063C288 /* RemoteControl.swift */; };
		453C427D1C5AE40B001D2D7E /* AppDelegate.swift in Sources */ = {isa = PBXBuildFile; fileRef = 453C427C1C5AE40B001D2D7E /* AppDelegate.swift */; };
		453C42841C5AE40B001D2D7E /* Main.storyboard in Resources */ = {isa = PBXBuildFile; fileRef = 453C42821C5AE40B001D2D7E /* Main.storyboard */; };
		453C42861C5AE40B001D2D7E /* Assets.xcassets in Resources */ = {isa = PBXBuildFile; fileRef = 453C42851C5AE40B001D2D7E /* Assets.xcassets */; };
		453C42891C5AE40B001D2D7E /* LaunchScreen.storyboard in Resources */ = {isa = PBXBuildFile; fileRef = 453C42871C5AE40B001D2D7E /* LaunchScreen.storyboard */; };
		453C42911C5AE595001D2D7E /* APIManager.swift in Sources */ = {isa = PBXBuildFile; fileRef = 453C42901C5AE595001D2D7E /* APIManager.swift */; };
		458797C11C69B9D90075B511 /* Util.swift in Sources */ = {isa = PBXBuildFile; fileRef = 458797C01C69B9D90075B511 /* Util.swift */; };
		45C604921CA3C453007E18D7 /* iOSCollectionViewDataSource.swift in Sources */ = {isa = PBXBuildFile; fileRef = 45C604911CA3C453007E18D7 /* iOSCollectionViewDataSource.swift */; };
		45EE26DD1DA6344A00ED634C /* iOSCollectionViewDataSource.swift in Sources */ = {isa = PBXBuildFile; fileRef = 45C604911CA3C453007E18D7 /* iOSCollectionViewDataSource.swift */; };
		45EE26DE1DA6345300ED634C /* APIManager.swift in Sources */ = {isa = PBXBuildFile; fileRef = 453C42901C5AE595001D2D7E /* APIManager.swift */; };
		45EE26DF1DA6345300ED634C /* Logger.swift in Sources */ = {isa = PBXBuildFile; fileRef = 4506E5511CA3869F006F5694 /* Logger.swift */; };
		45EE26E01DA6345300ED634C /* RemoteControl.swift in Sources */ = {isa = PBXBuildFile; fileRef = 45372E931CAE56F30063C288 /* RemoteControl.swift */; };
		45EE26E11DA6345300ED634C /* Command.swift in Sources */ = {isa = PBXBuildFile; fileRef = 4501425B1CA0BEB200DE77E6 /* Command.swift */; };
		45EE26E51DA63B6600ED634C /* Util.swift in Sources */ = {isa = PBXBuildFile; fileRef = 458797C01C69B9D90075B511 /* Util.swift */; };
		45EE26E81DA63F0600ED634C /* ButtonCell.xib in Resources */ = {isa = PBXBuildFile; fileRef = 4501425F1CA0D0F100DE77E6 /* ButtonCell.xib */; };
		45FB346B1DA6E1A400238535 /* AppDelegate.swift in Sources */ = {isa = PBXBuildFile; fileRef = 45FB346A1DA6E1A400238535 /* AppDelegate.swift */; };
		45FB346D1DA6E1A400238535 /* ButtonGridViewController.swift in Sources */ = {isa = PBXBuildFile; fileRef = 45FB346C1DA6E1A400238535 /* ButtonGridViewController.swift */; };
		45FB346F1DA6E1A400238535 /* Assets.xcassets in Resources */ = {isa = PBXBuildFile; fileRef = 45FB346E1DA6E1A400238535 /* Assets.xcassets */; };
		45FB34721DA6E1A400238535 /* Main.storyboard in Resources */ = {isa = PBXBuildFile; fileRef = 45FB34701DA6E1A400238535 /* Main.storyboard */; };
		45FB34781DA6E2B100238535 /* APIManager.swift in Sources */ = {isa = PBXBuildFile; fileRef = 453C42901C5AE595001D2D7E /* APIManager.swift */; };
		45FB34791DA6E2B100238535 /* Logger.swift in Sources */ = {isa = PBXBuildFile; fileRef = 4506E5511CA3869F006F5694 /* Logger.swift */; };
		45FB347A1DA6E2B100238535 /* Command.swift in Sources */ = {isa = PBXBuildFile; fileRef = 4501425B1CA0BEB200DE77E6 /* Command.swift */; };
		45FB347B1DA6E2B100238535 /* RemoteControl.swift in Sources */ = {isa = PBXBuildFile; fileRef = 45372E931CAE56F30063C288 /* RemoteControl.swift */; };
		45FB347F1DA6E5FB00238535 /* ButtonCollectionViewItem.xib in Resources */ = {isa = PBXBuildFile; fileRef = 45FB347D1DA6E5FB00238535 /* ButtonCollectionViewItem.xib */; };
		45FB34801DA6E9C300238535 /* MacOSDataSource.swift in Sources */ = {isa = PBXBuildFile; fileRef = 45372E961CAECDFF0063C288 /* MacOSDataSource.swift */; };
		45FB34821DA6EBB200238535 /* Style.swift in Sources */ = {isa = PBXBuildFile; fileRef = 45FB34811DA6EBB200238535 /* Style.swift */; };
		45FB34831DA6EBB200238535 /* Style.swift in Sources */ = {isa = PBXBuildFile; fileRef = 45FB34811DA6EBB200238535 /* Style.swift */; };
		45FB34841DA6EBB200238535 /* Style.swift in Sources */ = {isa = PBXBuildFile; fileRef = 45FB34811DA6EBB200238535 /* Style.swift */; };
		45FB34871DA6F2FE00238535 /* WindowController.swift in Sources */ = {isa = PBXBuildFile; fileRef = 45FB34861DA6F2FE00238535 /* WindowController.swift */; };
		506524A4777AE202DC144ABC /* Pods_RGB_Remote_macOS.framework in Frameworks */ = {isa = PBXBuildFile; fileRef = 7310BA1181431C8694885252 /* Pods_RGB_Remote_macOS.framework */; };
		A98A9B4C3437E1EBF4C7BFFA /* Pods_RGB_Remote.framework in Frameworks */ = {isa = PBXBuildFile; fileRef = CC028D39F11A0341D1609F90 /* Pods_RGB_Remote.framework */; };
/* End PBXBuildFile section */

/* Begin PBXContainerItemProxy section */
		4521EB471DA6029700042458 /* PBXContainerItemProxy */ = {
			isa = PBXContainerItemProxy;
			containerPortal = 453C42711C5AE40B001D2D7E /* Project object */;
			proxyType = 1;
			remoteGlobalIDString = 4521EB3D1DA6029700042458;
			remoteInfo = "RGB Remote Widget iOS";
		};
/* End PBXContainerItemProxy section */

/* Begin PBXCopyFilesBuildPhase section */
		4521EB4D1DA6029700042458 /* Embed App Extensions */ = {
			isa = PBXCopyFilesBuildPhase;
			buildActionMask = 2147483647;
			dstPath = "";
			dstSubfolderSpec = 13;
			files = (
				4521EB491DA6029700042458 /* RGB Remote Widget iOS.appex in Embed App Extensions */,
			);
			name = "Embed App Extensions";
			runOnlyForDeploymentPostprocessing = 0;
		};
/* End PBXCopyFilesBuildPhase section */

/* Begin PBXFileReference section */
		166B2F600055BFE08764FFB0 /* Pods-RGB Remote Widget.release.xcconfig */ = {isa = PBXFileReference; includeInIndex = 1; lastKnownFileType = text.xcconfig; name = "Pods-RGB Remote Widget.release.xcconfig"; path = "Pods/Target Support Files/Pods-RGB Remote Widget/Pods-RGB Remote Widget.release.xcconfig"; sourceTree = "<group>"; };
		173ABFBA79792066695492FA /* Pods_RGB_Remote_OSX.framework */ = {isa = PBXFileReference; explicitFileType = wrapper.framework; includeInIndex = 0; path = Pods_RGB_Remote_OSX.framework; sourceTree = BUILT_PRODUCTS_DIR; };
		419DE23F95886C827947BEE1 /* Pods-RGB Remote.release.xcconfig */ = {isa = PBXFileReference; includeInIndex = 1; lastKnownFileType = text.xcconfig; name = "Pods-RGB Remote.release.xcconfig"; path = "Pods/Target Support Files/Pods-RGB Remote/Pods-RGB Remote.release.xcconfig"; sourceTree = "<group>"; };
		4501425B1CA0BEB200DE77E6 /* Command.swift */ = {isa = PBXFileReference; fileEncoding = 4; lastKnownFileType = sourcecode.swift; path = Command.swift; sourceTree = "<group>"; };
		4501425F1CA0D0F100DE77E6 /* ButtonCell.xib */ = {isa = PBXFileReference; fileEncoding = 4; lastKnownFileType = file.xib; path = ButtonCell.xib; sourceTree = "<group>"; };
		4501F7ED1C8FFC3600386E55 /* NotificationCenter.framework */ = {isa = PBXFileReference; lastKnownFileType = wrapper.framework; name = NotificationCenter.framework; path = System/Library/Frameworks/NotificationCenter.framework; sourceTree = SDKROOT; };
		4506E54D1CA36F24006F5694 /* LogViewController.swift */ = {isa = PBXFileReference; fileEncoding = 4; lastKnownFileType = sourcecode.swift; path = LogViewController.swift; sourceTree = "<group>"; };
		4506E54F1CA3867F006F5694 /* TextViewController.swift */ = {isa = PBXFileReference; fileEncoding = 4; lastKnownFileType = sourcecode.swift; path = TextViewController.swift; sourceTree = "<group>"; };
		4506E5511CA3869F006F5694 /* Logger.swift */ = {isa = PBXFileReference; fileEncoding = 4; lastKnownFileType = sourcecode.swift; path = Logger.swift; sourceTree = "<group>"; };
		4521EB3E1DA6029700042458 /* RGB Remote Widget iOS.appex */ = {isa = PBXFileReference; explicitFileType = "wrapper.app-extension"; includeInIndex = 0; path = "RGB Remote Widget iOS.appex"; sourceTree = BUILT_PRODUCTS_DIR; };
		4521EB411DA6029700042458 /* TodayViewController.swift */ = {isa = PBXFileReference; lastKnownFileType = sourcecode.swift; path = TodayViewController.swift; sourceTree = "<group>"; };
		4521EB441DA6029700042458 /* Base */ = {isa = PBXFileReference; lastKnownFileType = file.storyboard; name = Base; path = Base.lproj/MainInterface.storyboard; sourceTree = "<group>"; };
		4521EB461DA6029700042458 /* Info.plist */ = {isa = PBXFileReference; lastKnownFileType = text.plist.xml; path = Info.plist; sourceTree = "<group>"; };
		4521EB4E1DA6060700042458 /* ButtonGridViewController.swift */ = {isa = PBXFileReference; fileEncoding = 4; lastKnownFileType = sourcecode.swift; path = ButtonGridViewController.swift; sourceTree = "<group>"; };
		45372E931CAE56F30063C288 /* RemoteControl.swift */ = {isa = PBXFileReference; fileEncoding = 4; lastKnownFileType = sourcecode.swift; path = RemoteControl.swift; sourceTree = "<group>"; };
		45372E961CAECDFF0063C288 /* MacOSDataSource.swift */ = {isa = PBXFileReference; fileEncoding = 4; lastKnownFileType = sourcecode.swift; name = MacOSDataSource.swift; path = "../RGB Remote OSX/MacOSDataSource.swift"; sourceTree = "<group>"; };
		453C42791C5AE40B001D2D7E /* RGB Remote.app */ = {isa = PBXFileReference; explicitFileType = wrapper.application; includeInIndex = 0; path = "RGB Remote.app"; sourceTree = BUILT_PRODUCTS_DIR; };
		453C427C1C5AE40B001D2D7E /* AppDelegate.swift */ = {isa = PBXFileReference; lastKnownFileType = sourcecode.swift; path = AppDelegate.swift; sourceTree = "<group>"; };
		453C42831C5AE40B001D2D7E /* Base */ = {isa = PBXFileReference; lastKnownFileType = file.storyboard; name = Base; path = Base.lproj/Main.storyboard; sourceTree = "<group>"; };
		453C42851C5AE40B001D2D7E /* Assets.xcassets */ = {isa = PBXFileReference; lastKnownFileType = folder.assetcatalog; path = Assets.xcassets; sourceTree = "<group>"; };
		453C42881C5AE40B001D2D7E /* Base */ = {isa = PBXFileReference; lastKnownFileType = file.storyboard; name = Base; path = Base.lproj/LaunchScreen.storyboard; sourceTree = "<group>"; };
		453C428A1C5AE40B001D2D7E /* Info.plist */ = {isa = PBXFileReference; lastKnownFileType = text.plist.xml; path = Info.plist; sourceTree = "<group>"; };
		453C42901C5AE595001D2D7E /* APIManager.swift */ = {isa = PBXFileReference; fileEncoding = 4; lastKnownFileType = sourcecode.swift; path = APIManager.swift; sourceTree = "<group>"; };
		458797C01C69B9D90075B511 /* Util.swift */ = {isa = PBXFileReference; fileEncoding = 4; lastKnownFileType = sourcecode.swift; path = Util.swift; sourceTree = "<group>"; };
		45C604911CA3C453007E18D7 /* iOSCollectionViewDataSource.swift */ = {isa = PBXFileReference; fileEncoding = 4; lastKnownFileType = sourcecode.swift; path = iOSCollectionViewDataSource.swift; sourceTree = "<group>"; };
		45FB34681DA6E1A400238535 /* RGB Remote macOS.app */ = {isa = PBXFileReference; explicitFileType = wrapper.application; includeInIndex = 0; path = "RGB Remote macOS.app"; sourceTree = BUILT_PRODUCTS_DIR; };
		45FB346A1DA6E1A400238535 /* AppDelegate.swift */ = {isa = PBXFileReference; lastKnownFileType = sourcecode.swift; path = AppDelegate.swift; sourceTree = "<group>"; };
		45FB346C1DA6E1A400238535 /* ButtonGridViewController.swift */ = {isa = PBXFileReference; lastKnownFileType = sourcecode.swift; path = ButtonGridViewController.swift; sourceTree = "<group>"; };
		45FB346E1DA6E1A400238535 /* Assets.xcassets */ = {isa = PBXFileReference; lastKnownFileType = folder.assetcatalog; path = Assets.xcassets; sourceTree = "<group>"; };
		45FB34711DA6E1A400238535 /* Base */ = {isa = PBXFileReference; lastKnownFileType = file.storyboard; name = Base; path = Base.lproj/Main.storyboard; sourceTree = "<group>"; };
		45FB34731DA6E1A400238535 /* Info.plist */ = {isa = PBXFileReference; lastKnownFileType = text.plist.xml; path = Info.plist; sourceTree = "<group>"; };
		45FB347D1DA6E5FB00238535 /* ButtonCollectionViewItem.xib */ = {isa = PBXFileReference; fileEncoding = 4; lastKnownFileType = file.xib; path = ButtonCollectionViewItem.xib; sourceTree = "<group>"; };
		45FB34811DA6EBB200238535 /* Style.swift */ = {isa = PBXFileReference; fileEncoding = 4; lastKnownFileType = sourcecode.swift; path = Style.swift; sourceTree = "<group>"; };
		45FB34861DA6F2FE00238535 /* WindowController.swift */ = {isa = PBXFileReference; fileEncoding = 4; lastKnownFileType = sourcecode.swift; path = WindowController.swift; sourceTree = "<group>"; };
		5715E85F498B0CE064474399 /* Pods-RGB Remote Widget iOS.release.xcconfig */ = {isa = PBXFileReference; includeInIndex = 1; lastKnownFileType = text.xcconfig; name = "Pods-RGB Remote Widget iOS.release.xcconfig"; path = "Pods/Target Support Files/Pods-RGB Remote Widget iOS/Pods-RGB Remote Widget iOS.release.xcconfig"; sourceTree = "<group>"; };
		6C70D642923C2FF41F8D7DE2 /* Pods-RGB Remote macOS.release.xcconfig */ = {isa = PBXFileReference; includeInIndex = 1; lastKnownFileType = text.xcconfig; name = "Pods-RGB Remote macOS.release.xcconfig"; path = "Pods/Target Support Files/Pods-RGB Remote macOS/Pods-RGB Remote macOS.release.xcconfig"; sourceTree = "<group>"; };
		6F40296C6AAB7E683E246D29 /* Pods-RGB Remote OSX.release.xcconfig */ = {isa = PBXFileReference; includeInIndex = 1; lastKnownFileType = text.xcconfig; name = "Pods-RGB Remote OSX.release.xcconfig"; path = "Pods/Target Support Files/Pods-RGB Remote OSX/Pods-RGB Remote OSX.release.xcconfig"; sourceTree = "<group>"; };
		7310BA1181431C8694885252 /* Pods_RGB_Remote_macOS.framework */ = {isa = PBXFileReference; explicitFileType = wrapper.framework; includeInIndex = 0; path = Pods_RGB_Remote_macOS.framework; sourceTree = BUILT_PRODUCTS_DIR; };
		7573AA25CD427E7E996B96F0 /* Pods-RGB Remote Widget iOS.debug.xcconfig */ = {isa = PBXFileReference; includeInIndex = 1; lastKnownFileType = text.xcconfig; name = "Pods-RGB Remote Widget iOS.debug.xcconfig"; path = "Pods/Target Support Files/Pods-RGB Remote Widget iOS/Pods-RGB Remote Widget iOS.debug.xcconfig"; sourceTree = "<group>"; };
		9F7B3A8EA01D258B47480742 /* Pods-RGB Remote Widget.debug.xcconfig */ = {isa = PBXFileReference; includeInIndex = 1; lastKnownFileType = text.xcconfig; name = "Pods-RGB Remote Widget.debug.xcconfig"; path = "Pods/Target Support Files/Pods-RGB Remote Widget/Pods-RGB Remote Widget.debug.xcconfig"; sourceTree = "<group>"; };
		CC028D39F11A0341D1609F90 /* Pods_RGB_Remote.framework */ = {isa = PBXFileReference; explicitFileType = wrapper.framework; includeInIndex = 0; path = Pods_RGB_Remote.framework; sourceTree = BUILT_PRODUCTS_DIR; };
		D81F669B787EA9F438E31F24 /* Pods-RGB Remote macOS.debug.xcconfig */ = {isa = PBXFileReference; includeInIndex = 1; lastKnownFileType = text.xcconfig; name = "Pods-RGB Remote macOS.debug.xcconfig"; path = "Pods/Target Support Files/Pods-RGB Remote macOS/Pods-RGB Remote macOS.debug.xcconfig"; sourceTree = "<group>"; };
		D96AB52CA1D59C2FE8F2527E /* Pods-RGB Remote.debug.xcconfig */ = {isa = PBXFileReference; includeInIndex = 1; lastKnownFileType = text.xcconfig; name = "Pods-RGB Remote.debug.xcconfig"; path = "Pods/Target Support Files/Pods-RGB Remote/Pods-RGB Remote.debug.xcconfig"; sourceTree = "<group>"; };
		DA35F71DE7FDBBC4847CEEDA /* Pods_RGB_Remote_Widget_iOS.framework */ = {isa = PBXFileReference; explicitFileType = wrapper.framework; includeInIndex = 0; path = Pods_RGB_Remote_Widget_iOS.framework; sourceTree = BUILT_PRODUCTS_DIR; };
		E3C66C1D3B1D6834D15D06AE /* Pods_RGB_Remote_Widget.framework */ = {isa = PBXFileReference; explicitFileType = wrapper.framework; includeInIndex = 0; path = Pods_RGB_Remote_Widget.framework; sourceTree = BUILT_PRODUCTS_DIR; };
		F396F5B75F4CD729549FED04 /* Pods-RGB Remote OSX.debug.xcconfig */ = {isa = PBXFileReference; includeInIndex = 1; lastKnownFileType = text.xcconfig; name = "Pods-RGB Remote OSX.debug.xcconfig"; path = "Pods/Target Support Files/Pods-RGB Remote OSX/Pods-RGB Remote OSX.debug.xcconfig"; sourceTree = "<group>"; };
/* End PBXFileReference section */

/* Begin PBXFrameworksBuildPhase section */
		4521EB3B1DA6029700042458 /* Frameworks */ = {
			isa = PBXFrameworksBuildPhase;
			buildActionMask = 2147483647;
			files = (
				4521EB3F1DA6029700042458 /* NotificationCenter.framework in Frameworks */,
				26DB472C0E6E59C4E26FE2DA /* Pods_RGB_Remote_Widget_iOS.framework in Frameworks */,
			);
			runOnlyForDeploymentPostprocessing = 0;
		};
		453C42761C5AE40B001D2D7E /* Frameworks */ = {
			isa = PBXFrameworksBuildPhase;
			buildActionMask = 2147483647;
			files = (
				A98A9B4C3437E1EBF4C7BFFA /* Pods_RGB_Remote.framework in Frameworks */,
			);
			runOnlyForDeploymentPostprocessing = 0;
		};
		45FB34651DA6E1A400238535 /* Frameworks */ = {
			isa = PBXFrameworksBuildPhase;
			buildActionMask = 2147483647;
			files = (
				506524A4777AE202DC144ABC /* Pods_RGB_Remote_macOS.framework in Frameworks */,
			);
			runOnlyForDeploymentPostprocessing = 0;
		};
/* End PBXFrameworksBuildPhase section */

/* Begin PBXGroup section */
		4501F7E71C8FEF6100386E55 /* Common */ = {
			isa = PBXGroup;
			children = (
				455DF0291D349A0E00B5FB6B /* Controllers */,
				455DF0281D349A0500B5FB6B /* Models */,
			);
			name = Common;
			path = "RGB Remote";
			sourceTree = "<group>";
		};
		4521EB401DA6029700042458 /* RGB Remote Widget iOS */ = {
			isa = PBXGroup;
			children = (
				4521EB411DA6029700042458 /* TodayViewController.swift */,
				4521EB431DA6029700042458 /* MainInterface.storyboard */,
				4521EB461DA6029700042458 /* Info.plist */,
			);
			path = "RGB Remote Widget iOS";
			sourceTree = "<group>";
		};
		453C42701C5AE40B001D2D7E = {
			isa = PBXGroup;
			children = (
				4501F7E71C8FEF6100386E55 /* Common */,
				453C427B1C5AE40B001D2D7E /* RGB Remote iOS */,
				4521EB401DA6029700042458 /* RGB Remote Widget iOS */,
				45FB34691DA6E1A400238535 /* RGB Remote macOS */,
				453C427A1C5AE40B001D2D7E /* Products */,
				77534B22B64C8C48D4AFB8F9 /* Frameworks */,
				94E5FEEC2E5A32C42CA7F9EF /* Pods */,
			);
			sourceTree = "<group>";
		};
		453C427A1C5AE40B001D2D7E /* Products */ = {
			isa = PBXGroup;
			children = (
				453C42791C5AE40B001D2D7E /* RGB Remote.app */,
				4521EB3E1DA6029700042458 /* RGB Remote Widget iOS.appex */,
				45FB34681DA6E1A400238535 /* RGB Remote macOS.app */,
			);
			name = Products;
			sourceTree = "<group>";
		};
		453C427B1C5AE40B001D2D7E /* RGB Remote iOS */ = {
			isa = PBXGroup;
			children = (
				458797C01C69B9D90075B511 /* Util.swift */,
				453C427C1C5AE40B001D2D7E /* AppDelegate.swift */,
				453C42821C5AE40B001D2D7E /* Main.storyboard */,
				45C604911CA3C453007E18D7 /* iOSCollectionViewDataSource.swift */,
				4501425F1CA0D0F100DE77E6 /* ButtonCell.xib */,
				45FB34881DA6F5BD00238535 /* ViewControllers */,
				455DF02B1D349A3A00B5FB6B /* Supporting Files */,
			);
			name = "RGB Remote iOS";
			path = "RGB Remote";
			sourceTree = "<group>";
		};
		455DF0281D349A0500B5FB6B /* Models */ = {
			isa = PBXGroup;
			children = (
				4501425B1CA0BEB200DE77E6 /* Command.swift */,
				45372E931CAE56F30063C288 /* RemoteControl.swift */,
			);
			name = Models;
			sourceTree = "<group>";
		};
		455DF0291D349A0E00B5FB6B /* Controllers */ = {
			isa = PBXGroup;
			children = (
				45FB34811DA6EBB200238535 /* Style.swift */,
				453C42901C5AE595001D2D7E /* APIManager.swift */,
				4506E5511CA3869F006F5694 /* Logger.swift */,
			);
			name = Controllers;
			sourceTree = "<group>";
		};
		455DF02B1D349A3A00B5FB6B /* Supporting Files */ = {
			isa = PBXGroup;
			children = (
				453C42851C5AE40B001D2D7E /* Assets.xcassets */,
				453C42871C5AE40B001D2D7E /* LaunchScreen.storyboard */,
				453C428A1C5AE40B001D2D7E /* Info.plist */,
			);
			name = "Supporting Files";
			sourceTree = "<group>";
		};
		45FB34691DA6E1A400238535 /* RGB Remote macOS */ = {
			isa = PBXGroup;
			children = (
				45FB346A1DA6E1A400238535 /* AppDelegate.swift */,
				45FB34861DA6F2FE00238535 /* WindowController.swift */,
				45FB34701DA6E1A400238535 /* Main.storyboard */,
				45FB346C1DA6E1A400238535 /* ButtonGridViewController.swift */,
				45372E961CAECDFF0063C288 /* MacOSDataSource.swift */,
				45FB347D1DA6E5FB00238535 /* ButtonCollectionViewItem.xib */,
				45FB34771DA6E1F300238535 /* Supporting Files */,
			);
			path = "RGB Remote macOS";
			sourceTree = "<group>";
		};
		45FB34771DA6E1F300238535 /* Supporting Files */ = {
			isa = PBXGroup;
			children = (
				45FB346E1DA6E1A400238535 /* Assets.xcassets */,
				45FB34731DA6E1A400238535 /* Info.plist */,
			);
			name = "Supporting Files";
			sourceTree = "<group>";
		};
		45FB34881DA6F5BD00238535 /* ViewControllers */ = {
			isa = PBXGroup;
			children = (
				4521EB4E1DA6060700042458 /* ButtonGridViewController.swift */,
				4506E54D1CA36F24006F5694 /* LogViewController.swift */,
				4506E54F1CA3867F006F5694 /* TextViewController.swift */,
			);
			name = ViewControllers;
			sourceTree = "<group>";
		};
		77534B22B64C8C48D4AFB8F9 /* Frameworks */ = {
			isa = PBXGroup;
			children = (
				4501F7ED1C8FFC3600386E55 /* NotificationCenter.framework */,
				CC028D39F11A0341D1609F90 /* Pods_RGB_Remote.framework */,
				173ABFBA79792066695492FA /* Pods_RGB_Remote_OSX.framework */,
				DA35F71DE7FDBBC4847CEEDA /* Pods_RGB_Remote_Widget_iOS.framework */,
				E3C66C1D3B1D6834D15D06AE /* Pods_RGB_Remote_Widget.framework */,
				7310BA1181431C8694885252 /* Pods_RGB_Remote_macOS.framework */,
			);
			name = Frameworks;
			sourceTree = "<group>";
		};
		94E5FEEC2E5A32C42CA7F9EF /* Pods */ = {
			isa = PBXGroup;
			children = (
				D96AB52CA1D59C2FE8F2527E /* Pods-RGB Remote.debug.xcconfig */,
				419DE23F95886C827947BEE1 /* Pods-RGB Remote.release.xcconfig */,
				F396F5B75F4CD729549FED04 /* Pods-RGB Remote OSX.debug.xcconfig */,
				6F40296C6AAB7E683E246D29 /* Pods-RGB Remote OSX.release.xcconfig */,
				7573AA25CD427E7E996B96F0 /* Pods-RGB Remote Widget iOS.debug.xcconfig */,
				5715E85F498B0CE064474399 /* Pods-RGB Remote Widget iOS.release.xcconfig */,
				9F7B3A8EA01D258B47480742 /* Pods-RGB Remote Widget.debug.xcconfig */,
				166B2F600055BFE08764FFB0 /* Pods-RGB Remote Widget.release.xcconfig */,
				D81F669B787EA9F438E31F24 /* Pods-RGB Remote macOS.debug.xcconfig */,
				6C70D642923C2FF41F8D7DE2 /* Pods-RGB Remote macOS.release.xcconfig */,
			);
			name = Pods;
			sourceTree = "<group>";
		};
/* End PBXGroup section */

/* Begin PBXNativeTarget section */
		4521EB3D1DA6029700042458 /* RGB Remote Widget iOS */ = {
			isa = PBXNativeTarget;
			buildConfigurationList = 4521EB4C1DA6029700042458 /* Build configuration list for PBXNativeTarget "RGB Remote Widget iOS" */;
			buildPhases = (
				96070B8D5E09229897FE35A3 /* [CP] Check Pods Manifest.lock */,
				4521EB3A1DA6029700042458 /* Sources */,
				4521EB3B1DA6029700042458 /* Frameworks */,
				4521EB3C1DA6029700042458 /* Resources */,
				5F4F143DB0ECFA0F41851AEC /* [CP] Copy Pods Resources */,
			);
			buildRules = (
			);
			dependencies = (
			);
			name = "RGB Remote Widget iOS";
			productName = "RGB Remote Widget iOS";
			productReference = 4521EB3E1DA6029700042458 /* RGB Remote Widget iOS.appex */;
			productType = "com.apple.product-type.app-extension";
		};
		453C42781C5AE40B001D2D7E /* RGB Remote */ = {
			isa = PBXNativeTarget;
			buildConfigurationList = 453C428D1C5AE40B001D2D7E /* Build configuration list for PBXNativeTarget "RGB Remote" */;
			buildPhases = (
				F776191759B158ADB3F920ED /* [CP] Check Pods Manifest.lock */,
				453C42751C5AE40B001D2D7E /* Sources */,
				453C42761C5AE40B001D2D7E /* Frameworks */,
				453C42771C5AE40B001D2D7E /* Resources */,
				8960C1E85818AF0326D9BAD4 /* [CP] Embed Pods Frameworks */,
				523687B9FBDAE371FC83D8BD /* [CP] Copy Pods Resources */,
				4521EB4D1DA6029700042458 /* Embed App Extensions */,
			);
			buildRules = (
			);
			dependencies = (
				4521EB481DA6029700042458 /* PBXTargetDependency */,
			);
			name = "RGB Remote";
			productName = "RGB Remote";
			productReference = 453C42791C5AE40B001D2D7E /* RGB Remote.app */;
			productType = "com.apple.product-type.application";
		};
		45FB34671DA6E1A400238535 /* RGB Remote macOS */ = {
			isa = PBXNativeTarget;
			buildConfigurationList = 45FB34741DA6E1A400238535 /* Build configuration list for PBXNativeTarget "RGB Remote macOS" */;
			buildPhases = (
				6AB1BE7BACC3F2C7FA8A1565 /* [CP] Check Pods Manifest.lock */,
				45FB34641DA6E1A400238535 /* Sources */,
				45FB34651DA6E1A400238535 /* Frameworks */,
				45FB34661DA6E1A400238535 /* Resources */,
				F0889B7CFEB4C18834E86D31 /* [CP] Embed Pods Frameworks */,
				4E1FB0DB81E3D43B11C4CA3C /* [CP] Copy Pods Resources */,
			);
			buildRules = (
			);
			dependencies = (
			);
			name = "RGB Remote macOS";
			productName = "RGB Remote macOS";
			productReference = 45FB34681DA6E1A400238535 /* RGB Remote macOS.app */;
			productType = "com.apple.product-type.application";
		};
/* End PBXNativeTarget section */

/* Begin PBXProject section */
		453C42711C5AE40B001D2D7E /* Project object */ = {
			isa = PBXProject;
			attributes = {
				LastSwiftUpdateCheck = 0800;
				LastUpgradeCheck = 0800;
				ORGANIZATIONNAME = "Knot Labs";
				TargetAttributes = {
					4521EB3D1DA6029700042458 = {
						CreatedOnToolsVersion = 8.0;
						DevelopmentTeam = YWKER65N63;
						LastSwiftMigration = 0800;
						ProvisioningStyle = Automatic;
					};
					453C42781C5AE40B001D2D7E = {
						CreatedOnToolsVersion = 7.2;
						DevelopmentTeam = YWKER65N63;
						LastSwiftMigration = 0800;
					};
					45FB34671DA6E1A400238535 = {
						CreatedOnToolsVersion = 8.0;
						DevelopmentTeam = YWKER65N63;
						ProvisioningStyle = Automatic;
					};
				};
			};
			buildConfigurationList = 453C42741C5AE40B001D2D7E /* Build configuration list for PBXProject "RGB Remote" */;
			compatibilityVersion = "Xcode 3.2";
			developmentRegion = English;
			hasScannedForEncodings = 0;
			knownRegions = (
				en,
				Base,
			);
			mainGroup = 453C42701C5AE40B001D2D7E;
			productRefGroup = 453C427A1C5AE40B001D2D7E /* Products */;
			projectDirPath = "";
			projectRoot = "";
			targets = (
				453C42781C5AE40B001D2D7E /* RGB Remote */,
				4521EB3D1DA6029700042458 /* RGB Remote Widget iOS */,
				45FB34671DA6E1A400238535 /* RGB Remote macOS */,
			);
		};
/* End PBXProject section */

/* Begin PBXResourcesBuildPhase section */
		4521EB3C1DA6029700042458 /* Resources */ = {
			isa = PBXResourcesBuildPhase;
			buildActionMask = 2147483647;
			files = (
				4521EB451DA6029700042458 /* MainInterface.storyboard in Resources */,
				45EE26E81DA63F0600ED634C /* ButtonCell.xib in Resources */,
			);
			runOnlyForDeploymentPostprocessing = 0;
		};
		453C42771C5AE40B001D2D7E /* Resources */ = {
			isa = PBXResourcesBuildPhase;
			buildActionMask = 2147483647;
			files = (
				453C42891C5AE40B001D2D7E /* LaunchScreen.storyboard in Resources */,
				453C42861C5AE40B001D2D7E /* Assets.xcassets in Resources */,
				453C42841C5AE40B001D2D7E /* Main.storyboard in Resources */,
				450142601CA0D0F100DE77E6 /* ButtonCell.xib in Resources */,
			);
			runOnlyForDeploymentPostprocessing = 0;
		};
		45FB34661DA6E1A400238535 /* Resources */ = {
			isa = PBXResourcesBuildPhase;
			buildActionMask = 2147483647;
			files = (
				45FB346F1DA6E1A400238535 /* Assets.xcassets in Resources */,
				45FB34721DA6E1A400238535 /* Main.storyboard in Resources */,
				45FB347F1DA6E5FB00238535 /* ButtonCollectionViewItem.xib in Resources */,
			);
			runOnlyForDeploymentPostprocessing = 0;
		};
/* End PBXResourcesBuildPhase section */

/* Begin PBXShellScriptBuildPhase section */
		4E1FB0DB81E3D43B11C4CA3C /* [CP] Copy Pods Resources */ = {
			isa = PBXShellScriptBuildPhase;
			buildActionMask = 2147483647;
			files = (
			);
			inputPaths = (
			);
			name = "[CP] Copy Pods Resources";
			outputPaths = (
			);
			runOnlyForDeploymentPostprocessing = 0;
			shellPath = /bin/sh;
			shellScript = "\"${SRCROOT}/Pods/Target Support Files/Pods-RGB Remote macOS/Pods-RGB Remote macOS-resources.sh\"\n";
			showEnvVarsInLog = 0;
		};
		523687B9FBDAE371FC83D8BD /* [CP] Copy Pods Resources */ = {
			isa = PBXShellScriptBuildPhase;
			buildActionMask = 2147483647;
			files = (
			);
			inputPaths = (
			);
			name = "[CP] Copy Pods Resources";
			outputPaths = (
			);
			runOnlyForDeploymentPostprocessing = 0;
			shellPath = /bin/sh;
			shellScript = "\"${SRCROOT}/Pods/Target Support Files/Pods-RGB Remote/Pods-RGB Remote-resources.sh\"\n";
			showEnvVarsInLog = 0;
		};
		5F4F143DB0ECFA0F41851AEC /* [CP] Copy Pods Resources */ = {
			isa = PBXShellScriptBuildPhase;
			buildActionMask = 2147483647;
			files = (
			);
			inputPaths = (
			);
			name = "[CP] Copy Pods Resources";
			outputPaths = (
			);
			runOnlyForDeploymentPostprocessing = 0;
			shellPath = /bin/sh;
			shellScript = "\"${SRCROOT}/Pods/Target Support Files/Pods-RGB Remote Widget iOS/Pods-RGB Remote Widget iOS-resources.sh\"\n";
			showEnvVarsInLog = 0;
		};
		6AB1BE7BACC3F2C7FA8A1565 /* [CP] Check Pods Manifest.lock */ = {
			isa = PBXShellScriptBuildPhase;
			buildActionMask = 2147483647;
			files = (
			);
			inputPaths = (
			);
			name = "[CP] Check Pods Manifest.lock";
			outputPaths = (
			);
			runOnlyForDeploymentPostprocessing = 0;
			shellPath = /bin/sh;
			shellScript = "diff \"${PODS_ROOT}/../Podfile.lock\" \"${PODS_ROOT}/Manifest.lock\" > /dev/null\nif [ $? != 0 ] ; then\n    # print error to STDERR\n    echo \"error: The sandbox is not in sync with the Podfile.lock. Run 'pod install' or update your CocoaPods installation.\" >&2\n    exit 1\nfi\n";
			showEnvVarsInLog = 0;
		};
		8960C1E85818AF0326D9BAD4 /* [CP] Embed Pods Frameworks */ = {
			isa = PBXShellScriptBuildPhase;
			buildActionMask = 2147483647;
			files = (
			);
			inputPaths = (
			);
			name = "[CP] Embed Pods Frameworks";
			outputPaths = (
			);
			runOnlyForDeploymentPostprocessing = 0;
			shellPath = /bin/sh;
			shellScript = "\"${SRCROOT}/Pods/Target Support Files/Pods-RGB Remote/Pods-RGB Remote-frameworks.sh\"\n";
			showEnvVarsInLog = 0;
		};
		96070B8D5E09229897FE35A3 /* [CP] Check Pods Manifest.lock */ = {
			isa = PBXShellScriptBuildPhase;
			buildActionMask = 2147483647;
			files = (
			);
			inputPaths = (
			);
			name = "[CP] Check Pods Manifest.lock";
			outputPaths = (
			);
			runOnlyForDeploymentPostprocessing = 0;
			shellPath = /bin/sh;
			shellScript = "diff \"${PODS_ROOT}/../Podfile.lock\" \"${PODS_ROOT}/Manifest.lock\" > /dev/null\nif [ $? != 0 ] ; then\n    # print error to STDERR\n    echo \"error: The sandbox is not in sync with the Podfile.lock. Run 'pod install' or update your CocoaPods installation.\" >&2\n    exit 1\nfi\n";
			showEnvVarsInLog = 0;
		};
		F0889B7CFEB4C18834E86D31 /* [CP] Embed Pods Frameworks */ = {
			isa = PBXShellScriptBuildPhase;
			buildActionMask = 2147483647;
			files = (
			);
			inputPaths = (
			);
			name = "[CP] Embed Pods Frameworks";
			outputPaths = (
			);
			runOnlyForDeploymentPostprocessing = 0;
			shellPath = /bin/sh;
			shellScript = "\"${SRCROOT}/Pods/Target Support Files/Pods-RGB Remote macOS/Pods-RGB Remote macOS-frameworks.sh\"\n";
			showEnvVarsInLog = 0;
		};
		F776191759B158ADB3F920ED /* [CP] Check Pods Manifest.lock */ = {
			isa = PBXShellScriptBuildPhase;
			buildActionMask = 2147483647;
			files = (
			);
			inputPaths = (
			);
			name = "[CP] Check Pods Manifest.lock";
			outputPaths = (
			);
			runOnlyForDeploymentPostprocessing = 0;
			shellPath = /bin/sh;
			shellScript = "diff \"${PODS_ROOT}/../Podfile.lock\" \"${PODS_ROOT}/Manifest.lock\" > /dev/null\nif [ $? != 0 ] ; then\n    # print error to STDERR\n    echo \"error: The sandbox is not in sync with the Podfile.lock. Run 'pod install' or update your CocoaPods installation.\" >&2\n    exit 1\nfi\n";
			showEnvVarsInLog = 0;
		};
/* End PBXShellScriptBuildPhase section */

/* Begin PBXSourcesBuildPhase section */
		4521EB3A1DA6029700042458 /* Sources */ = {
			isa = PBXSourcesBuildPhase;
			buildActionMask = 2147483647;
			files = (
				45EE26DE1DA6345300ED634C /* APIManager.swift in Sources */,
				4521EB421DA6029700042458 /* TodayViewController.swift in Sources */,
				45EE26DD1DA6344A00ED634C /* iOSCollectionViewDataSource.swift in Sources */,
				45EE26E01DA6345300ED634C /* RemoteControl.swift in Sources */,
				45EE26E51DA63B6600ED634C /* Util.swift in Sources */,
				45EE26DF1DA6345300ED634C /* Logger.swift in Sources */,
				45EE26E11DA6345300ED634C /* Command.swift in Sources */,
				45FB34831DA6EBB200238535 /* Style.swift in Sources */,
			);
			runOnlyForDeploymentPostprocessing = 0;
		};
		453C42751C5AE40B001D2D7E /* Sources */ = {
			isa = PBXSourcesBuildPhase;
			buildActionMask = 2147483647;
			files = (
				4521EB4F1DA6060700042458 /* ButtonGridViewController.swift in Sources */,
				453C42911C5AE595001D2D7E /* APIManager.swift in Sources */,
				458797C11C69B9D90075B511 /* Util.swift in Sources */,
				453C427D1C5AE40B001D2D7E /* AppDelegate.swift in Sources */,
				4506E5521CA3869F006F5694 /* Logger.swift in Sources */,
				45C604921CA3C453007E18D7 /* iOSCollectionViewDataSource.swift in Sources */,
				4506E54E1CA36F24006F5694 /* LogViewController.swift in Sources */,
				4501425C1CA0BEB200DE77E6 /* Command.swift in Sources */,
				45372E941CAE56F30063C288 /* RemoteControl.swift in Sources */,
				4506E5501CA3867F006F5694 /* TextViewController.swift in Sources */,
				45FB34821DA6EBB200238535 /* Style.swift in Sources */,
			);
			runOnlyForDeploymentPostprocessing = 0;
		};
		45FB34641DA6E1A400238535 /* Sources */ = {
			isa = PBXSourcesBuildPhase;
			buildActionMask = 2147483647;
			files = (
				45FB34781DA6E2B100238535 /* APIManager.swift in Sources */,
				45FB34871DA6F2FE00238535 /* WindowController.swift in Sources */,
				45FB346D1DA6E1A400238535 /* ButtonGridViewController.swift in Sources */,
				45FB346B1DA6E1A400238535 /* AppDelegate.swift in Sources */,
				45FB347A1DA6E2B100238535 /* Command.swift in Sources */,
				45FB34791DA6E2B100238535 /* Logger.swift in Sources */,
				45FB347B1DA6E2B100238535 /* RemoteControl.swift in Sources */,
				45FB34801DA6E9C300238535 /* MacOSDataSource.swift in Sources */,
				45FB34841DA6EBB200238535 /* Style.swift in Sources */,
			);
			runOnlyForDeploymentPostprocessing = 0;
		};
/* End PBXSourcesBuildPhase section */

/* Begin PBXTargetDependency section */
		4521EB481DA6029700042458 /* PBXTargetDependency */ = {
			isa = PBXTargetDependency;
			target = 4521EB3D1DA6029700042458 /* RGB Remote Widget iOS */;
			targetProxy = 4521EB471DA6029700042458 /* PBXContainerItemProxy */;
		};
/* End PBXTargetDependency section */

/* Begin PBXVariantGroup section */
		4521EB431DA6029700042458 /* MainInterface.storyboard */ = {
			isa = PBXVariantGroup;
			children = (
				4521EB441DA6029700042458 /* Base */,
			);
			name = MainInterface.storyboard;
			sourceTree = "<group>";
		};
		453C42821C5AE40B001D2D7E /* Main.storyboard */ = {
			isa = PBXVariantGroup;
			children = (
				453C42831C5AE40B001D2D7E /* Base */,
			);
			name = Main.storyboard;
			sourceTree = "<group>";
		};
		453C42871C5AE40B001D2D7E /* LaunchScreen.storyboard */ = {
			isa = PBXVariantGroup;
			children = (
				453C42881C5AE40B001D2D7E /* Base */,
			);
			name = LaunchScreen.storyboard;
			sourceTree = "<group>";
		};
		45FB34701DA6E1A400238535 /* Main.storyboard */ = {
			isa = PBXVariantGroup;
			children = (
				45FB34711DA6E1A400238535 /* Base */,
			);
			name = Main.storyboard;
			sourceTree = "<group>";
		};
/* End PBXVariantGroup section */

/* Begin XCBuildConfiguration section */
		4521EB4A1DA6029700042458 /* Debug */ = {
			isa = XCBuildConfiguration;
			baseConfigurationReference = 7573AA25CD427E7E996B96F0 /* Pods-RGB Remote Widget iOS.debug.xcconfig */;
			buildSettings = {
				CLANG_ANALYZER_NONNULL = YES;
				CLANG_WARN_DOCUMENTATION_COMMENTS = YES;
				CLANG_WARN_SUSPICIOUS_MOVES = YES;
				CODE_SIGN_IDENTITY = "iPhone Developer";
				DEVELOPMENT_TEAM = YWKER65N63;
				INFOPLIST_FILE = "RGB Remote Widget iOS/Info.plist";
				IPHONEOS_DEPLOYMENT_TARGET = 10.0;
				LD_RUNPATH_SEARCH_PATHS = "$(inherited) @executable_path/Frameworks @executable_path/../../Frameworks";
				PRODUCT_BUNDLE_IDENTIFIER = "com.knotlabs.RGB-Remote.RGB-Remote-Widget-iOS";
				PRODUCT_NAME = "$(TARGET_NAME)";
				SKIP_INSTALL = YES;
				SWIFT_ACTIVE_COMPILATION_CONDITIONS = DEBUG;
				SWIFT_VERSION = 3.0;
			};
			name = Debug;
		};
		4521EB4B1DA6029700042458 /* Release */ = {
			isa = XCBuildConfiguration;
			baseConfigurationReference = 5715E85F498B0CE064474399 /* Pods-RGB Remote Widget iOS.release.xcconfig */;
			buildSettings = {
				CLANG_ANALYZER_NONNULL = YES;
				CLANG_WARN_DOCUMENTATION_COMMENTS = YES;
				CLANG_WARN_SUSPICIOUS_MOVES = YES;
				CODE_SIGN_IDENTITY = "iPhone Developer";
				DEVELOPMENT_TEAM = YWKER65N63;
				INFOPLIST_FILE = "RGB Remote Widget iOS/Info.plist";
				IPHONEOS_DEPLOYMENT_TARGET = 10.0;
				LD_RUNPATH_SEARCH_PATHS = "$(inherited) @executable_path/Frameworks @executable_path/../../Frameworks";
				PRODUCT_BUNDLE_IDENTIFIER = "com.knotlabs.RGB-Remote.RGB-Remote-Widget-iOS";
				PRODUCT_NAME = "$(TARGET_NAME)";
				SKIP_INSTALL = YES;
				SWIFT_VERSION = 3.0;
			};
			name = Release;
		};
		453C428B1C5AE40B001D2D7E /* Debug */ = {
			isa = XCBuildConfiguration;
			buildSettings = {
				ALWAYS_SEARCH_USER_PATHS = NO;
				CLANG_CXX_LANGUAGE_STANDARD = "gnu++0x";
				CLANG_CXX_LIBRARY = "libc++";
				CLANG_ENABLE_MODULES = YES;
				CLANG_ENABLE_OBJC_ARC = YES;
				CLANG_WARN_BOOL_CONVERSION = YES;
				CLANG_WARN_CONSTANT_CONVERSION = YES;
				CLANG_WARN_DIRECT_OBJC_ISA_USAGE = YES_ERROR;
				CLANG_WARN_EMPTY_BODY = YES;
				CLANG_WARN_ENUM_CONVERSION = YES;
				CLANG_WARN_INFINITE_RECURSION = YES;
				CLANG_WARN_INT_CONVERSION = YES;
				CLANG_WARN_OBJC_ROOT_CLASS = YES_ERROR;
				CLANG_WARN_SUSPICIOUS_MOVE = YES;
				CLANG_WARN_UNREACHABLE_CODE = YES;
				CLANG_WARN__DUPLICATE_METHOD_MATCH = YES;
				"CODE_SIGN_IDENTITY[sdk=iphoneos*]" = "iPhone Developer";
				COPY_PHASE_STRIP = NO;
				DEBUG_INFORMATION_FORMAT = dwarf;
				ENABLE_STRICT_OBJC_MSGSEND = YES;
				ENABLE_TESTABILITY = YES;
				GCC_C_LANGUAGE_STANDARD = gnu99;
				GCC_DYNAMIC_NO_PIC = NO;
				GCC_NO_COMMON_BLOCKS = YES;
				GCC_OPTIMIZATION_LEVEL = 0;
				GCC_PREPROCESSOR_DEFINITIONS = (
					"DEBUG=1",
					"$(inherited)",
				);
				GCC_WARN_64_TO_32_BIT_CONVERSION = YES;
				GCC_WARN_ABOUT_RETURN_TYPE = YES_ERROR;
				GCC_WARN_UNDECLARED_SELECTOR = YES;
				GCC_WARN_UNINITIALIZED_AUTOS = YES_AGGRESSIVE;
				GCC_WARN_UNUSED_FUNCTION = YES;
				GCC_WARN_UNUSED_VARIABLE = YES;
				IPHONEOS_DEPLOYMENT_TARGET = 9.3;
				MACOSX_DEPLOYMENT_TARGET = 10.12;
				MTL_ENABLE_DEBUG_INFO = YES;
				ONLY_ACTIVE_ARCH = YES;
				SDKROOT = iphoneos;
				SWIFT_OPTIMIZATION_LEVEL = "-Onone";
				TARGETED_DEVICE_FAMILY = "1,2";
			};
			name = Debug;
		};
		453C428C1C5AE40B001D2D7E /* Release */ = {
			isa = XCBuildConfiguration;
			buildSettings = {
				ALWAYS_SEARCH_USER_PATHS = NO;
				CLANG_CXX_LANGUAGE_STANDARD = "gnu++0x";
				CLANG_CXX_LIBRARY = "libc++";
				CLANG_ENABLE_MODULES = YES;
				CLANG_ENABLE_OBJC_ARC = YES;
				CLANG_WARN_BOOL_CONVERSION = YES;
				CLANG_WARN_CONSTANT_CONVERSION = YES;
				CLANG_WARN_DIRECT_OBJC_ISA_USAGE = YES_ERROR;
				CLANG_WARN_EMPTY_BODY = YES;
				CLANG_WARN_ENUM_CONVERSION = YES;
				CLANG_WARN_INFINITE_RECURSION = YES;
				CLANG_WARN_INT_CONVERSION = YES;
				CLANG_WARN_OBJC_ROOT_CLASS = YES_ERROR;
				CLANG_WARN_SUSPICIOUS_MOVE = YES;
				CLANG_WARN_UNREACHABLE_CODE = YES;
				CLANG_WARN__DUPLICATE_METHOD_MATCH = YES;
				"CODE_SIGN_IDENTITY[sdk=iphoneos*]" = "iPhone Developer";
				COPY_PHASE_STRIP = NO;
				DEBUG_INFORMATION_FORMAT = "dwarf-with-dsym";
				ENABLE_NS_ASSERTIONS = NO;
				ENABLE_STRICT_OBJC_MSGSEND = YES;
				GCC_C_LANGUAGE_STANDARD = gnu99;
				GCC_NO_COMMON_BLOCKS = YES;
				GCC_WARN_64_TO_32_BIT_CONVERSION = YES;
				GCC_WARN_ABOUT_RETURN_TYPE = YES_ERROR;
				GCC_WARN_UNDECLARED_SELECTOR = YES;
				GCC_WARN_UNINITIALIZED_AUTOS = YES_AGGRESSIVE;
				GCC_WARN_UNUSED_FUNCTION = YES;
				GCC_WARN_UNUSED_VARIABLE = YES;
				IPHONEOS_DEPLOYMENT_TARGET = 9.3;
				MACOSX_DEPLOYMENT_TARGET = 10.12;
				MTL_ENABLE_DEBUG_INFO = NO;
				SDKROOT = iphoneos;
				SWIFT_OPTIMIZATION_LEVEL = "-Owholemodule";
				TARGETED_DEVICE_FAMILY = "1,2";
				VALIDATE_PRODUCT = YES;
			};
			name = Release;
		};
		453C428E1C5AE40B001D2D7E /* Debug */ = {
			isa = XCBuildConfiguration;
			baseConfigurationReference = D96AB52CA1D59C2FE8F2527E /* Pods-RGB Remote.debug.xcconfig */;
			buildSettings = {
				ALWAYS_EMBED_SWIFT_STANDARD_LIBRARIES = YES;
				ASSETCATALOG_COMPILER_APPICON_NAME = AppIcon;
				CODE_SIGN_IDENTITY = "iPhone Developer";
				DEVELOPMENT_TEAM = YWKER65N63;
				INFOPLIST_FILE = "RGB Remote/Info.plist";
				LD_RUNPATH_SEARCH_PATHS = "$(inherited) @executable_path/Frameworks";
				PRODUCT_BUNDLE_IDENTIFIER = "com.knotlabs.RGB-Remote";
				PRODUCT_NAME = "$(TARGET_NAME)";
				SWIFT_VERSION = 3.0;
			};
			name = Debug;
		};
		453C428F1C5AE40B001D2D7E /* Release */ = {
			isa = XCBuildConfiguration;
			baseConfigurationReference = 419DE23F95886C827947BEE1 /* Pods-RGB Remote.release.xcconfig */;
			buildSettings = {
				ALWAYS_EMBED_SWIFT_STANDARD_LIBRARIES = YES;
				ASSETCATALOG_COMPILER_APPICON_NAME = AppIcon;
				CODE_SIGN_IDENTITY = "iPhone Developer";
				DEVELOPMENT_TEAM = YWKER65N63;
				INFOPLIST_FILE = "RGB Remote/Info.plist";
				LD_RUNPATH_SEARCH_PATHS = "$(inherited) @executable_path/Frameworks";
				PRODUCT_BUNDLE_IDENTIFIER = "com.knotlabs.RGB-Remote";
				PRODUCT_NAME = "$(TARGET_NAME)";
				SWIFT_VERSION = 3.0;
			};
			name = Release;
		};
		45FB34751DA6E1A400238535 /* Debug */ = {
			isa = XCBuildConfiguration;
			baseConfigurationReference = D81F669B787EA9F438E31F24 /* Pods-RGB Remote macOS.debug.xcconfig */;
			buildSettings = {
				ASSETCATALOG_COMPILER_APPICON_NAME = AppIcon;
				CLANG_ANALYZER_NONNULL = YES;
				CLANG_WARN_DOCUMENTATION_COMMENTS = YES;
				CLANG_WARN_SUSPICIOUS_MOVES = YES;
				CODE_SIGN_IDENTITY = "-";
				COMBINE_HIDPI_IMAGES = YES;
				DEVELOPMENT_TEAM = YWKER65N63;
				INFOPLIST_FILE = "RGB Remote macOS/Info.plist";
				LD_RUNPATH_SEARCH_PATHS = "$(inherited) @executable_path/../Frameworks";
				PRODUCT_BUNDLE_IDENTIFIER = "com.knotlabs.RGB-Remote-macOS";
				PRODUCT_NAME = "$(TARGET_NAME)";
				SDKROOT = macosx;
				SWIFT_ACTIVE_COMPILATION_CONDITIONS = DEBUG;
				SWIFT_VERSION = 3.0;
			};
			name = Debug;
		};
		45FB34761DA6E1A400238535 /* Release */ = {
			isa = XCBuildConfiguration;
			baseConfigurationReference = 6C70D642923C2FF41F8D7DE2 /* Pods-RGB Remote macOS.release.xcconfig */;
			buildSettings = {
				ASSETCATALOG_COMPILER_APPICON_NAME = AppIcon;
				CLANG_ANALYZER_NONNULL = YES;
				CLANG_WARN_DOCUMENTATION_COMMENTS = YES;
				CLANG_WARN_SUSPICIOUS_MOVES = YES;
				CODE_SIGN_IDENTITY = "-";
				COMBINE_HIDPI_IMAGES = YES;
				DEVELOPMENT_TEAM = YWKER65N63;
				INFOPLIST_FILE = "RGB Remote macOS/Info.plist";
				LD_RUNPATH_SEARCH_PATHS = "$(inherited) @executable_path/../Frameworks";
				PRODUCT_BUNDLE_IDENTIFIER = "com.knotlabs.RGB-Remote-macOS";
				PRODUCT_NAME = "$(TARGET_NAME)";
				SDKROOT = macosx;
				SWIFT_VERSION = 3.0;
			};
			name = Release;
		};
/* End XCBuildConfiguration section */

/* Begin XCConfigurationList section */
		4521EB4C1DA6029700042458 /* Build configuration list for PBXNativeTarget "RGB Remote Widget iOS" */ = {
			isa = XCConfigurationList;
			buildConfigurations = (
				4521EB4A1DA6029700042458 /* Debug */,
				4521EB4B1DA6029700042458 /* Release */,
			);
			defaultConfigurationIsVisible = 0;
			defaultConfigurationName = Release;
		};
		453C42741C5AE40B001D2D7E /* Build configuration list for PBXProject "RGB Remote" */ = {
			isa = XCConfigurationList;
			buildConfigurations = (
				453C428B1C5AE40B001D2D7E /* Debug */,
				453C428C1C5AE40B001D2D7E /* Release */,
			);
			defaultConfigurationIsVisible = 0;
			defaultConfigurationName = Release;
		};
		453C428D1C5AE40B001D2D7E /* Build configuration list for PBXNativeTarget "RGB Remote" */ = {
			isa = XCConfigurationList;
			buildConfigurations = (
				453C428E1C5AE40B001D2D7E /* Debug */,
				453C428F1C5AE40B001D2D7E /* Release */,
			);
			defaultConfigurationIsVisible = 0;
			defaultConfigurationName = Release;
		};
		45FB34741DA6E1A400238535 /* Build configuration list for PBXNativeTarget "RGB Remote macOS" */ = {
			isa = XCConfigurationList;
			buildConfigurations = (
				45FB34751DA6E1A400238535 /* Debug */,
				45FB34761DA6E1A400238535 /* Release */,
			);
			defaultConfigurationIsVisible = 0;
			defaultConfigurationName = Release;
		};
/* End XCConfigurationList section */
	};
	rootObject = 453C42711C5AE40B001D2D7E /* Project object */;
}
